// !$*UTF8*$!
{
	archiveVersion = 1;
	classes = {
	};
	objectVersion = 46;
	objects = {

/* Begin PBXBuildFile section */
		0413EC111BDD0629009D9F9A /* WBTabBarButton.m in Sources */ = {isa = PBXBuildFile; fileRef = 0413EC101BDD0629009D9F9A /* WBTabBarButton.m */; };
		0413EC141BDD06A3009D9F9A /* WBBadgeView.m in Sources */ = {isa = PBXBuildFile; fileRef = 0413EC131BDD06A3009D9F9A /* WBBadgeView.m */; };
		0413EC171BDD0D9B009D9F9A /* WBMessageViewController.m in Sources */ = {isa = PBXBuildFile; fileRef = 0413EC161BDD0D9B009D9F9A /* WBMessageViewController.m */; };
		0413EC1A1BDD0FB5009D9F9A /* WBNavigationController.m in Sources */ = {isa = PBXBuildFile; fileRef = 0413EC191BDD0FB5009D9F9A /* WBNavigationController.m */; };
		0413EC1D1BDD129F009D9F9A /* WBProfileViewController.m in Sources */ = {isa = PBXBuildFile; fileRef = 0413EC1C1BDD129F009D9F9A /* WBProfileViewController.m */; };
		0434859F1BE0854800A3508F /* WBUserParam.m in Sources */ = {isa = PBXBuildFile; fileRef = 0434859E1BE0854800A3508F /* WBUserParam.m */; };
		043485A31BE085FB00A3508F /* WBBaseParam.m in Sources */ = {isa = PBXBuildFile; fileRef = 043485A21BE085FB00A3508F /* WBBaseParam.m */; };
		043485A61BE087FC00A3508F /* WBUserResult.m in Sources */ = {isa = PBXBuildFile; fileRef = 043485A51BE087FC00A3508F /* WBUserResult.m */; };
		043485A91BE0898F00A3508F /* WBUserTool.m in Sources */ = {isa = PBXBuildFile; fileRef = 043485A81BE0898F00A3508F /* WBUserTool.m */; };
		04581CF61BE23F6F005A3325 /* WBStatusFrame.m in Sources */ = {isa = PBXBuildFile; fileRef = 04581CF51BE23F6E005A3325 /* WBStatusFrame.m */; };
		04581CF91BE27128005A3325 /* NSDate+MJ.m in Sources */ = {isa = PBXBuildFile; fileRef = 04581CF81BE27128005A3325 /* NSDate+MJ.m */; };
		047DC5201BDC7B290094B166 /* Assets.xcassets in Resources */ = {isa = PBXBuildFile; fileRef = 047DC51F1BDC7B290094B166 /* Assets.xcassets */; };
		047DC5231BDC7B290094B166 /* LaunchScreen.storyboard in Resources */ = {isa = PBXBuildFile; fileRef = 047DC5211BDC7B290094B166 /* LaunchScreen.storyboard */; };
		047DC52E1BDC7B290094B166 /* PersonWeiBoUITests.m in Sources */ = {isa = PBXBuildFile; fileRef = 047DC52D1BDC7B290094B166 /* PersonWeiBoUITests.m */; };
		04DEE44B1BDE7DF400A103AF /* WBOAuthViewController.m in Sources */ = {isa = PBXBuildFile; fileRef = 04DEE44A1BDE7DF400A103AF /* WBOAuthViewController.m */; };
		04DEE4531BDE825800A103AF /* MBProgressHUD+MJ.m in Sources */ = {isa = PBXBuildFile; fileRef = 04DEE44F1BDE825800A103AF /* MBProgressHUD+MJ.m */; };
		04DEE4541BDE825800A103AF /* MBProgressHUD.bundle in Resources */ = {isa = PBXBuildFile; fileRef = 04DEE4501BDE825800A103AF /* MBProgressHUD.bundle */; };
		04DEE4551BDE825800A103AF /* MBProgressHUD.m in Sources */ = {isa = PBXBuildFile; fileRef = 04DEE4521BDE825800A103AF /* MBProgressHUD.m */; };
		04DEE46A1BDE8D1900A103AF /* AFHTTPRequestOperation.m in Sources */ = {isa = PBXBuildFile; fileRef = 04DEE4581BDE8D1900A103AF /* AFHTTPRequestOperation.m */; };
		04DEE46B1BDE8D1900A103AF /* AFHTTPRequestOperationManager.m in Sources */ = {isa = PBXBuildFile; fileRef = 04DEE45A1BDE8D1900A103AF /* AFHTTPRequestOperationManager.m */; };
		04DEE46C1BDE8D1900A103AF /* AFHTTPSessionManager.m in Sources */ = {isa = PBXBuildFile; fileRef = 04DEE45C1BDE8D1900A103AF /* AFHTTPSessionManager.m */; };
		04DEE46D1BDE8D1900A103AF /* AFNetworkReachabilityManager.m in Sources */ = {isa = PBXBuildFile; fileRef = 04DEE45F1BDE8D1900A103AF /* AFNetworkReachabilityManager.m */; };
		04DEE46E1BDE8D1900A103AF /* AFSecurityPolicy.m in Sources */ = {isa = PBXBuildFile; fileRef = 04DEE4611BDE8D1900A103AF /* AFSecurityPolicy.m */; };
		04DEE46F1BDE8D1900A103AF /* AFURLConnectionOperation.m in Sources */ = {isa = PBXBuildFile; fileRef = 04DEE4631BDE8D1900A103AF /* AFURLConnectionOperation.m */; };
		04DEE4701BDE8D1900A103AF /* AFURLRequestSerialization.m in Sources */ = {isa = PBXBuildFile; fileRef = 04DEE4651BDE8D1900A103AF /* AFURLRequestSerialization.m */; };
		04DEE4711BDE8D1900A103AF /* AFURLResponseSerialization.m in Sources */ = {isa = PBXBuildFile; fileRef = 04DEE4671BDE8D1900A103AF /* AFURLResponseSerialization.m */; };
		04DEE4721BDE8D1900A103AF /* AFURLSessionManager.m in Sources */ = {isa = PBXBuildFile; fileRef = 04DEE4691BDE8D1900A103AF /* AFURLSessionManager.m */; };
		04EA297D1BDF472A00413A31 /* WBUser.m in Sources */ = {isa = PBXBuildFile; fileRef = 04EA297C1BDF472A00413A31 /* WBUser.m */; };
		04EA29801BDF487300413A31 /* WBPhoto.m in Sources */ = {isa = PBXBuildFile; fileRef = 04EA297F1BDF487300413A31 /* WBPhoto.m */; };
		04EA29E31BDF50F500413A31 /* MKAnnotationView+WebCache.m in Sources */ = {isa = PBXBuildFile; fileRef = 04EA29C31BDF50F500413A31 /* MKAnnotationView+WebCache.m */; };
		04EA29E41BDF50F500413A31 /* NSData+ImageContentType.m in Sources */ = {isa = PBXBuildFile; fileRef = 04EA29C51BDF50F500413A31 /* NSData+ImageContentType.m */; };
		04EA29E51BDF50F500413A31 /* SDImageCache.m in Sources */ = {isa = PBXBuildFile; fileRef = 04EA29C71BDF50F500413A31 /* SDImageCache.m */; };
		04EA29E61BDF50F500413A31 /* SDWebImageCompat.m in Sources */ = {isa = PBXBuildFile; fileRef = 04EA29C91BDF50F500413A31 /* SDWebImageCompat.m */; };
		04EA29E71BDF50F500413A31 /* SDWebImageDecoder.m in Sources */ = {isa = PBXBuildFile; fileRef = 04EA29CB1BDF50F500413A31 /* SDWebImageDecoder.m */; };
		04EA29E81BDF50F500413A31 /* SDWebImageDownloader.m in Sources */ = {isa = PBXBuildFile; fileRef = 04EA29CD1BDF50F500413A31 /* SDWebImageDownloader.m */; };
		04EA29E91BDF50F500413A31 /* SDWebImageDownloaderOperation.m in Sources */ = {isa = PBXBuildFile; fileRef = 04EA29CF1BDF50F500413A31 /* SDWebImageDownloaderOperation.m */; };
		04EA29EA1BDF50F500413A31 /* SDWebImageManager.m in Sources */ = {isa = PBXBuildFile; fileRef = 04EA29D11BDF50F500413A31 /* SDWebImageManager.m */; };
		04EA29EB1BDF50F500413A31 /* SDWebImagePrefetcher.m in Sources */ = {isa = PBXBuildFile; fileRef = 04EA29D41BDF50F500413A31 /* SDWebImagePrefetcher.m */; };
		04EA29EC1BDF50F500413A31 /* UIButton+WebCache.m in Sources */ = {isa = PBXBuildFile; fileRef = 04EA29D61BDF50F500413A31 /* UIButton+WebCache.m */; };
		04EA29ED1BDF50F500413A31 /* UIImage+GIF.m in Sources */ = {isa = PBXBuildFile; fileRef = 04EA29D81BDF50F500413A31 /* UIImage+GIF.m */; };
		04EA29EE1BDF50F500413A31 /* UIImage+MultiFormat.m in Sources */ = {isa = PBXBuildFile; fileRef = 04EA29DA1BDF50F500413A31 /* UIImage+MultiFormat.m */; };
		04EA29EF1BDF50F500413A31 /* UIImage+WebP.m in Sources */ = {isa = PBXBuildFile; fileRef = 04EA29DC1BDF50F500413A31 /* UIImage+WebP.m */; };
		04EA29F01BDF50F500413A31 /* UIImageView+HighlightedWebCache.m in Sources */ = {isa = PBXBuildFile; fileRef = 04EA29DE1BDF50F500413A31 /* UIImageView+HighlightedWebCache.m */; };
		04EA29F11BDF50F500413A31 /* UIImageView+WebCache.m in Sources */ = {isa = PBXBuildFile; fileRef = 04EA29E01BDF50F500413A31 /* UIImageView+WebCache.m */; };
		04EA29F21BDF50F500413A31 /* UIView+WebCacheOperation.m in Sources */ = {isa = PBXBuildFile; fileRef = 04EA29E21BDF50F500413A31 /* UIView+WebCacheOperation.m */; };
		04EA2A851BDF5A5B00413A31 /* MJDictionaryCache.m in Sources */ = {isa = PBXBuildFile; fileRef = 04EA2A6F1BDF5A5B00413A31 /* MJDictionaryCache.m */; };
		04EA2A861BDF5A5B00413A31 /* MJExtensionConst.m in Sources */ = {isa = PBXBuildFile; fileRef = 04EA2A721BDF5A5B00413A31 /* MJExtensionConst.m */; };
		04EA2A871BDF5A5B00413A31 /* MJFoundation.m in Sources */ = {isa = PBXBuildFile; fileRef = 04EA2A741BDF5A5B00413A31 /* MJFoundation.m */; };
		04EA2A881BDF5A5B00413A31 /* MJProperty.m in Sources */ = {isa = PBXBuildFile; fileRef = 04EA2A761BDF5A5B00413A31 /* MJProperty.m */; };
		04EA2A891BDF5A5B00413A31 /* MJPropertyKey.m in Sources */ = {isa = PBXBuildFile; fileRef = 04EA2A781BDF5A5B00413A31 /* MJPropertyKey.m */; };
		04EA2A8A1BDF5A5B00413A31 /* MJPropertyType.m in Sources */ = {isa = PBXBuildFile; fileRef = 04EA2A7A1BDF5A5B00413A31 /* MJPropertyType.m */; };
		04EA2A8B1BDF5A5B00413A31 /* NSObject+MJClass.m in Sources */ = {isa = PBXBuildFile; fileRef = 04EA2A7C1BDF5A5B00413A31 /* NSObject+MJClass.m */; };
		04EA2A8C1BDF5A5B00413A31 /* NSObject+MJCoding.m in Sources */ = {isa = PBXBuildFile; fileRef = 04EA2A7E1BDF5A5B00413A31 /* NSObject+MJCoding.m */; };
		04EA2A8D1BDF5A5B00413A31 /* NSObject+MJKeyValue.m in Sources */ = {isa = PBXBuildFile; fileRef = 04EA2A801BDF5A5B00413A31 /* NSObject+MJKeyValue.m */; };
		04EA2A8E1BDF5A5B00413A31 /* NSObject+MJProperty.m in Sources */ = {isa = PBXBuildFile; fileRef = 04EA2A821BDF5A5B00413A31 /* NSObject+MJProperty.m */; };
		04EA2A8F1BDF5A5B00413A31 /* NSString+MJExtension.m in Sources */ = {isa = PBXBuildFile; fileRef = 04EA2A841BDF5A5B00413A31 /* NSString+MJExtension.m */; };
		04EA2AD61BDF5B3300413A31 /* MJRefreshAutoFooter.m in Sources */ = {isa = PBXBuildFile; fileRef = 04EA2AAC1BDF5B3300413A31 /* MJRefreshAutoFooter.m */; };
		04EA2AD71BDF5B3300413A31 /* MJRefreshBackFooter.m in Sources */ = {isa = PBXBuildFile; fileRef = 04EA2AAE1BDF5B3300413A31 /* MJRefreshBackFooter.m */; };
		04EA2AD81BDF5B3300413A31 /* MJRefreshComponent.m in Sources */ = {isa = PBXBuildFile; fileRef = 04EA2AB01BDF5B3300413A31 /* MJRefreshComponent.m */; };
		04EA2AD91BDF5B3300413A31 /* MJRefreshFooter.m in Sources */ = {isa = PBXBuildFile; fileRef = 04EA2AB21BDF5B3300413A31 /* MJRefreshFooter.m */; };
		04EA2ADA1BDF5B3300413A31 /* MJRefreshHeader.m in Sources */ = {isa = PBXBuildFile; fileRef = 04EA2AB41BDF5B3300413A31 /* MJRefreshHeader.m */; };
		04EA2ADB1BDF5B3300413A31 /* MJRefreshAutoGifFooter.m in Sources */ = {isa = PBXBuildFile; fileRef = 04EA2AB91BDF5B3300413A31 /* MJRefreshAutoGifFooter.m */; };
		04EA2ADC1BDF5B3300413A31 /* MJRefreshAutoNormalFooter.m in Sources */ = {isa = PBXBuildFile; fileRef = 04EA2ABB1BDF5B3300413A31 /* MJRefreshAutoNormalFooter.m */; };
		04EA2ADD1BDF5B3300413A31 /* MJRefreshAutoStateFooter.m in Sources */ = {isa = PBXBuildFile; fileRef = 04EA2ABD1BDF5B3300413A31 /* MJRefreshAutoStateFooter.m */; };
		04EA2ADE1BDF5B3300413A31 /* MJRefreshBackGifFooter.m in Sources */ = {isa = PBXBuildFile; fileRef = 04EA2AC01BDF5B3300413A31 /* MJRefreshBackGifFooter.m */; };
		04EA2ADF1BDF5B3300413A31 /* MJRefreshBackNormalFooter.m in Sources */ = {isa = PBXBuildFile; fileRef = 04EA2AC21BDF5B3300413A31 /* MJRefreshBackNormalFooter.m */; };
		04EA2AE01BDF5B3300413A31 /* MJRefreshBackStateFooter.m in Sources */ = {isa = PBXBuildFile; fileRef = 04EA2AC41BDF5B3300413A31 /* MJRefreshBackStateFooter.m */; };
		04EA2AE11BDF5B3300413A31 /* MJRefreshGifHeader.m in Sources */ = {isa = PBXBuildFile; fileRef = 04EA2AC71BDF5B3300413A31 /* MJRefreshGifHeader.m */; };
		04EA2AE21BDF5B3300413A31 /* MJRefreshNormalHeader.m in Sources */ = {isa = PBXBuildFile; fileRef = 04EA2AC91BDF5B3300413A31 /* MJRefreshNormalHeader.m */; };
		04EA2AE31BDF5B3300413A31 /* MJRefreshStateHeader.m in Sources */ = {isa = PBXBuildFile; fileRef = 04EA2ACB1BDF5B3300413A31 /* MJRefreshStateHeader.m */; };
		04EA2AE41BDF5B3300413A31 /* MJRefresh.bundle in Resources */ = {isa = PBXBuildFile; fileRef = 04EA2ACC1BDF5B3300413A31 /* MJRefresh.bundle */; };
		04EA2AE51BDF5B3300413A31 /* MJRefreshConst.m in Sources */ = {isa = PBXBuildFile; fileRef = 04EA2ACF1BDF5B3300413A31 /* MJRefreshConst.m */; };
		04EA2AE61BDF5B3300413A31 /* UIScrollView+MJExtension.m in Sources */ = {isa = PBXBuildFile; fileRef = 04EA2AD11BDF5B3300413A31 /* UIScrollView+MJExtension.m */; };
		04EA2AE71BDF5B3300413A31 /* UIScrollView+MJRefresh.m in Sources */ = {isa = PBXBuildFile; fileRef = 04EA2AD31BDF5B3300413A31 /* UIScrollView+MJRefresh.m */; };
		04EA2AE81BDF5B3300413A31 /* UIView+MJExtension.m in Sources */ = {isa = PBXBuildFile; fileRef = 04EA2AD51BDF5B3300413A31 /* UIView+MJExtension.m */; };
		04EA2AEC1BDF6DCE00413A31 /* WBHttpTool.m in Sources */ = {isa = PBXBuildFile; fileRef = 04EA2AEB1BDF6DCE00413A31 /* WBHttpTool.m */; };
		04EA2AF01BDFC07200413A31 /* WBStatusTool.m in Sources */ = {isa = PBXBuildFile; fileRef = 04EA2AEF1BDFC07200413A31 /* WBStatusTool.m */; };
		04EA2AF41BDFDAFD00413A31 /* WBAccountParam.m in Sources */ = {isa = PBXBuildFile; fileRef = 04EA2AF31BDFDAFD00413A31 /* WBAccountParam.m */; };
		04EAC84A1BDDC6A100CE959B /* WBNewFeatureController.m in Sources */ = {isa = PBXBuildFile; fileRef = 04EAC8491BDDC6A100CE959B /* WBNewFeatureController.m */; };
		04EAC84D1BDDCE5500CE959B /* WBNewFeatureCell.m in Sources */ = {isa = PBXBuildFile; fileRef = 04EAC84C1BDDCE5500CE959B /* WBNewFeatureCell.m */; };
		04ECD58E1BE12B3E0054D939 /* silence.mp3 in Resources */ = {isa = PBXBuildFile; fileRef = 04ECD58C1BE12B3E0054D939 /* silence.mp3 */; };
		04ECD58F1BE12B3E0054D939 /* 爸比我要喝奶奶.mp3 in Resources */ = {isa = PBXBuildFile; fileRef = 04ECD58D1BE12B3E0054D939 /* 爸比我要喝奶奶.mp3 */; };
		04EFFF441BDCEEE70092A029 /* WBOneViewController.m in Sources */ = {isa = PBXBuildFile; fileRef = 04EFFF2A1BDCEEE70092A029 /* WBOneViewController.m */; };
		04EFFF451BDCEEE70092A029 /* WBTabBarController.m in Sources */ = {isa = PBXBuildFile; fileRef = 04EFFF301BDCEEE70092A029 /* WBTabBarController.m */; };
		04EFFF461BDCEEE70092A029 /* WBTabBar.m in Sources */ = {isa = PBXBuildFile; fileRef = 04EFFF341BDCEEE70092A029 /* WBTabBar.m */; };
		04EFFF471BDCEEE70092A029 /* AppDelegate.m in Sources */ = {isa = PBXBuildFile; fileRef = 04EFFF3B1BDCEEE70092A029 /* AppDelegate.m */; };
		04EFFF481BDCEEE70092A029 /* UIImage+Original.m in Sources */ = {isa = PBXBuildFile; fileRef = 04EFFF3E1BDCEEE70092A029 /* UIImage+Original.m */; };
		04EFFF491BDCEEE70092A029 /* main.m in Sources */ = {isa = PBXBuildFile; fileRef = 04EFFF3F1BDCEEE70092A029 /* main.m */; };
		04EFFF4C1BDCF0B00092A029 /* WBDiscoverTableViewController.m in Sources */ = {isa = PBXBuildFile; fileRef = 04EFFF4B1BDCF0B00092A029 /* WBDiscoverTableViewController.m */; };
		04EFFF4F1BDCF0E80092A029 /* WBSearchBar.m in Sources */ = {isa = PBXBuildFile; fileRef = 04EFFF4E1BDCF0E80092A029 /* WBSearchBar.m */; };
		04EFFF531BDCF4330092A029 /* UIView+Frame.m in Sources */ = {isa = PBXBuildFile; fileRef = 04EFFF521BDCF4330092A029 /* UIView+Frame.m */; };
		04EFFF591BDCF7480092A029 /* WBHomeViewController.m in Sources */ = {isa = PBXBuildFile; fileRef = 04EFFF581BDCF7480092A029 /* WBHomeViewController.m */; };
		04EFFF5C1BDCF76C0092A029 /* WBTitleButton.m in Sources */ = {isa = PBXBuildFile; fileRef = 04EFFF5B1BDCF76C0092A029 /* WBTitleButton.m */; };
		04EFFF5F1BDCF8930092A029 /* WBPopMenu.m in Sources */ = {isa = PBXBuildFile; fileRef = 04EFFF5E1BDCF8930092A029 /* WBPopMenu.m */; };
		04EFFF621BDCFAA30092A029 /* WBCover.m in Sources */ = {isa = PBXBuildFile; fileRef = 04EFFF611BDCFAA30092A029 /* WBCover.m */; };
		04EFFF651BDCFD090092A029 /* UIBarButtonItem+Item.m in Sources */ = {isa = PBXBuildFile; fileRef = 04EFFF641BDCFD090092A029 /* UIBarButtonItem+Item.m */; };
		04F78D5A1BE22FFB00E0DBAF /* WBStatusCell.m in Sources */ = {isa = PBXBuildFile; fileRef = 04F78D591BE22FFB00E0DBAF /* WBStatusCell.m */; };
		04F78D5D1BE230ED00E0DBAF /* WBOriginalView.m in Sources */ = {isa = PBXBuildFile; fileRef = 04F78D5C1BE230ED00E0DBAF /* WBOriginalView.m */; };
		04F78D601BE2312100E0DBAF /* WBRetweetView.m in Sources */ = {isa = PBXBuildFile; fileRef = 04F78D5F1BE2312100E0DBAF /* WBRetweetView.m */; };
		04F78D631BE2318100E0DBAF /* WBStatusToolBar.m in Sources */ = {isa = PBXBuildFile; fileRef = 04F78D621BE2318100E0DBAF /* WBStatusToolBar.m */; };
		04F91E5C1BDF180400B096C2 /* WBAccount.m in Sources */ = {isa = PBXBuildFile; fileRef = 04F91E5B1BDF180400B096C2 /* WBAccount.m */; };
		04F91E611BDF243100B096C2 /* WBAccountTool.m in Sources */ = {isa = PBXBuildFile; fileRef = 04F91E601BDF243100B096C2 /* WBAccountTool.m */; };
		04F91E651BDF32F900B096C2 /* WBRootTool.m in Sources */ = {isa = PBXBuildFile; fileRef = 04F91E641BDF32F900B096C2 /* WBRootTool.m */; };
		04F91E691BDF3D4A00B096C2 /* NSArray+Log.m in Sources */ = {isa = PBXBuildFile; fileRef = 04F91E681BDF3D4A00B096C2 /* NSArray+Log.m */; };
		04F91E6C1BDF425900B096C2 /* WBStatus.m in Sources */ = {isa = PBXBuildFile; fileRef = 04F91E6B1BDF425900B096C2 /* WBStatus.m */; };
/* End PBXBuildFile section */

/* Begin PBXContainerItemProxy section */
		047DC52A1BDC7B290094B166 /* PBXContainerItemProxy */ = {
			isa = PBXContainerItemProxy;
			containerPortal = 047DC5081BDC7B290094B166 /* Project object */;
			proxyType = 1;
			remoteGlobalIDString = 047DC50F1BDC7B290094B166;
			remoteInfo = PersonWeiBo;
		};
/* End PBXContainerItemProxy section */

/* Begin PBXFileReference section */
		0413EC0F1BDD0629009D9F9A /* WBTabBarButton.h */ = {isa = PBXFileReference; fileEncoding = 4; lastKnownFileType = sourcecode.c.h; path = WBTabBarButton.h; sourceTree = "<group>"; };
		0413EC101BDD0629009D9F9A /* WBTabBarButton.m */ = {isa = PBXFileReference; fileEncoding = 4; lastKnownFileType = sourcecode.c.objc; path = WBTabBarButton.m; sourceTree = "<group>"; };
		0413EC121BDD06A3009D9F9A /* WBBadgeView.h */ = {isa = PBXFileReference; fileEncoding = 4; lastKnownFileType = sourcecode.c.h; path = WBBadgeView.h; sourceTree = "<group>"; };
		0413EC131BDD06A3009D9F9A /* WBBadgeView.m */ = {isa = PBXFileReference; fileEncoding = 4; lastKnownFileType = sourcecode.c.objc; path = WBBadgeView.m; sourceTree = "<group>"; };
		0413EC151BDD0D9B009D9F9A /* WBMessageViewController.h */ = {isa = PBXFileReference; fileEncoding = 4; lastKnownFileType = sourcecode.c.h; path = WBMessageViewController.h; sourceTree = "<group>"; };
		0413EC161BDD0D9B009D9F9A /* WBMessageViewController.m */ = {isa = PBXFileReference; fileEncoding = 4; lastKnownFileType = sourcecode.c.objc; path = WBMessageViewController.m; sourceTree = "<group>"; };
		0413EC181BDD0FB5009D9F9A /* WBNavigationController.h */ = {isa = PBXFileReference; fileEncoding = 4; lastKnownFileType = sourcecode.c.h; path = WBNavigationController.h; sourceTree = "<group>"; };
		0413EC191BDD0FB5009D9F9A /* WBNavigationController.m */ = {isa = PBXFileReference; fileEncoding = 4; lastKnownFileType = sourcecode.c.objc; path = WBNavigationController.m; sourceTree = "<group>"; };
		0413EC1B1BDD129F009D9F9A /* WBProfileViewController.h */ = {isa = PBXFileReference; fileEncoding = 4; lastKnownFileType = sourcecode.c.h; path = WBProfileViewController.h; sourceTree = "<group>"; };
		0413EC1C1BDD129F009D9F9A /* WBProfileViewController.m */ = {isa = PBXFileReference; fileEncoding = 4; lastKnownFileType = sourcecode.c.objc; path = WBProfileViewController.m; sourceTree = "<group>"; };
		0434859D1BE0854800A3508F /* WBUserParam.h */ = {isa = PBXFileReference; fileEncoding = 4; lastKnownFileType = sourcecode.c.h; path = WBUserParam.h; sourceTree = "<group>"; };
		0434859E1BE0854800A3508F /* WBUserParam.m */ = {isa = PBXFileReference; fileEncoding = 4; lastKnownFileType = sourcecode.c.objc; path = WBUserParam.m; sourceTree = "<group>"; };
		043485A11BE085FB00A3508F /* WBBaseParam.h */ = {isa = PBXFileReference; fileEncoding = 4; lastKnownFileType = sourcecode.c.h; path = WBBaseParam.h; sourceTree = "<group>"; };
		043485A21BE085FB00A3508F /* WBBaseParam.m */ = {isa = PBXFileReference; fileEncoding = 4; lastKnownFileType = sourcecode.c.objc; path = WBBaseParam.m; sourceTree = "<group>"; };
		043485A41BE087FC00A3508F /* WBUserResult.h */ = {isa = PBXFileReference; fileEncoding = 4; lastKnownFileType = sourcecode.c.h; path = WBUserResult.h; sourceTree = "<group>"; };
		043485A51BE087FC00A3508F /* WBUserResult.m */ = {isa = PBXFileReference; fileEncoding = 4; lastKnownFileType = sourcecode.c.objc; path = WBUserResult.m; sourceTree = "<group>"; };
		043485A71BE0898F00A3508F /* WBUserTool.h */ = {isa = PBXFileReference; fileEncoding = 4; lastKnownFileType = sourcecode.c.h; path = WBUserTool.h; sourceTree = "<group>"; };
		043485A81BE0898F00A3508F /* WBUserTool.m */ = {isa = PBXFileReference; fileEncoding = 4; lastKnownFileType = sourcecode.c.objc; path = WBUserTool.m; sourceTree = "<group>"; };
		04581CF41BE23F6E005A3325 /* WBStatusFrame.h */ = {isa = PBXFileReference; fileEncoding = 4; lastKnownFileType = sourcecode.c.h; path = WBStatusFrame.h; sourceTree = "<group>"; };
		04581CF51BE23F6E005A3325 /* WBStatusFrame.m */ = {isa = PBXFileReference; fileEncoding = 4; lastKnownFileType = sourcecode.c.objc; path = WBStatusFrame.m; sourceTree = "<group>"; };
		04581CF71BE27128005A3325 /* NSDate+MJ.h */ = {isa = PBXFileReference; fileEncoding = 4; lastKnownFileType = sourcecode.c.h; path = "NSDate+MJ.h"; sourceTree = "<group>"; };
		04581CF81BE27128005A3325 /* NSDate+MJ.m */ = {isa = PBXFileReference; fileEncoding = 4; lastKnownFileType = sourcecode.c.objc; path = "NSDate+MJ.m"; sourceTree = "<group>"; };
		047DC5101BDC7B290094B166 /* PersonWeiBo.app */ = {isa = PBXFileReference; explicitFileType = wrapper.application; includeInIndex = 0; path = PersonWeiBo.app; sourceTree = BUILT_PRODUCTS_DIR; };
		047DC51F1BDC7B290094B166 /* Assets.xcassets */ = {isa = PBXFileReference; lastKnownFileType = folder.assetcatalog; path = Assets.xcassets; sourceTree = "<group>"; };
		047DC5221BDC7B290094B166 /* Base */ = {isa = PBXFileReference; lastKnownFileType = file.storyboard; name = Base; path = Base.lproj/LaunchScreen.storyboard; sourceTree = "<group>"; };
		047DC5241BDC7B290094B166 /* Info.plist */ = {isa = PBXFileReference; lastKnownFileType = text.plist.xml; path = Info.plist; sourceTree = "<group>"; };
		047DC5291BDC7B290094B166 /* PersonWeiBoUITests.xctest */ = {isa = PBXFileReference; explicitFileType = wrapper.cfbundle; includeInIndex = 0; path = PersonWeiBoUITests.xctest; sourceTree = BUILT_PRODUCTS_DIR; };
		047DC52D1BDC7B290094B166 /* PersonWeiBoUITests.m */ = {isa = PBXFileReference; lastKnownFileType = sourcecode.c.objc; path = PersonWeiBoUITests.m; sourceTree = "<group>"; };
		047DC52F1BDC7B290094B166 /* Info.plist */ = {isa = PBXFileReference; lastKnownFileType = text.plist.xml; path = Info.plist; sourceTree = "<group>"; };
		04DEE4491BDE7DF400A103AF /* WBOAuthViewController.h */ = {isa = PBXFileReference; fileEncoding = 4; lastKnownFileType = sourcecode.c.h; path = WBOAuthViewController.h; sourceTree = "<group>"; };
		04DEE44A1BDE7DF400A103AF /* WBOAuthViewController.m */ = {isa = PBXFileReference; fileEncoding = 4; lastKnownFileType = sourcecode.c.objc; path = WBOAuthViewController.m; sourceTree = "<group>"; };
		04DEE44E1BDE825800A103AF /* MBProgressHUD+MJ.h */ = {isa = PBXFileReference; fileEncoding = 4; lastKnownFileType = sourcecode.c.h; path = "MBProgressHUD+MJ.h"; sourceTree = "<group>"; };
		04DEE44F1BDE825800A103AF /* MBProgressHUD+MJ.m */ = {isa = PBXFileReference; fileEncoding = 4; lastKnownFileType = sourcecode.c.objc; path = "MBProgressHUD+MJ.m"; sourceTree = "<group>"; };
		04DEE4501BDE825800A103AF /* MBProgressHUD.bundle */ = {isa = PBXFileReference; lastKnownFileType = "wrapper.plug-in"; path = MBProgressHUD.bundle; sourceTree = "<group>"; };
		04DEE4511BDE825800A103AF /* MBProgressHUD.h */ = {isa = PBXFileReference; fileEncoding = 4; lastKnownFileType = sourcecode.c.h; path = MBProgressHUD.h; sourceTree = "<group>"; };
		04DEE4521BDE825800A103AF /* MBProgressHUD.m */ = {isa = PBXFileReference; fileEncoding = 4; lastKnownFileType = sourcecode.c.objc; path = MBProgressHUD.m; sourceTree = "<group>"; };
		04DEE4571BDE8D1900A103AF /* AFHTTPRequestOperation.h */ = {isa = PBXFileReference; fileEncoding = 4; lastKnownFileType = sourcecode.c.h; path = AFHTTPRequestOperation.h; sourceTree = "<group>"; };
		04DEE4581BDE8D1900A103AF /* AFHTTPRequestOperation.m */ = {isa = PBXFileReference; fileEncoding = 4; lastKnownFileType = sourcecode.c.objc; path = AFHTTPRequestOperation.m; sourceTree = "<group>"; };
		04DEE4591BDE8D1900A103AF /* AFHTTPRequestOperationManager.h */ = {isa = PBXFileReference; fileEncoding = 4; lastKnownFileType = sourcecode.c.h; path = AFHTTPRequestOperationManager.h; sourceTree = "<group>"; };
		04DEE45A1BDE8D1900A103AF /* AFHTTPRequestOperationManager.m */ = {isa = PBXFileReference; fileEncoding = 4; lastKnownFileType = sourcecode.c.objc; path = AFHTTPRequestOperationManager.m; sourceTree = "<group>"; };
		04DEE45B1BDE8D1900A103AF /* AFHTTPSessionManager.h */ = {isa = PBXFileReference; fileEncoding = 4; lastKnownFileType = sourcecode.c.h; path = AFHTTPSessionManager.h; sourceTree = "<group>"; };
		04DEE45C1BDE8D1900A103AF /* AFHTTPSessionManager.m */ = {isa = PBXFileReference; fileEncoding = 4; lastKnownFileType = sourcecode.c.objc; path = AFHTTPSessionManager.m; sourceTree = "<group>"; };
		04DEE45D1BDE8D1900A103AF /* AFNetworking.h */ = {isa = PBXFileReference; fileEncoding = 4; lastKnownFileType = sourcecode.c.h; path = AFNetworking.h; sourceTree = "<group>"; };
		04DEE45E1BDE8D1900A103AF /* AFNetworkReachabilityManager.h */ = {isa = PBXFileReference; fileEncoding = 4; lastKnownFileType = sourcecode.c.h; path = AFNetworkReachabilityManager.h; sourceTree = "<group>"; };
		04DEE45F1BDE8D1900A103AF /* AFNetworkReachabilityManager.m */ = {isa = PBXFileReference; fileEncoding = 4; lastKnownFileType = sourcecode.c.objc; path = AFNetworkReachabilityManager.m; sourceTree = "<group>"; };
		04DEE4601BDE8D1900A103AF /* AFSecurityPolicy.h */ = {isa = PBXFileReference; fileEncoding = 4; lastKnownFileType = sourcecode.c.h; path = AFSecurityPolicy.h; sourceTree = "<group>"; };
		04DEE4611BDE8D1900A103AF /* AFSecurityPolicy.m */ = {isa = PBXFileReference; fileEncoding = 4; lastKnownFileType = sourcecode.c.objc; path = AFSecurityPolicy.m; sourceTree = "<group>"; };
		04DEE4621BDE8D1900A103AF /* AFURLConnectionOperation.h */ = {isa = PBXFileReference; fileEncoding = 4; lastKnownFileType = sourcecode.c.h; path = AFURLConnectionOperation.h; sourceTree = "<group>"; };
		04DEE4631BDE8D1900A103AF /* AFURLConnectionOperation.m */ = {isa = PBXFileReference; fileEncoding = 4; lastKnownFileType = sourcecode.c.objc; path = AFURLConnectionOperation.m; sourceTree = "<group>"; };
		04DEE4641BDE8D1900A103AF /* AFURLRequestSerialization.h */ = {isa = PBXFileReference; fileEncoding = 4; lastKnownFileType = sourcecode.c.h; path = AFURLRequestSerialization.h; sourceTree = "<group>"; };
		04DEE4651BDE8D1900A103AF /* AFURLRequestSerialization.m */ = {isa = PBXFileReference; fileEncoding = 4; lastKnownFileType = sourcecode.c.objc; path = AFURLRequestSerialization.m; sourceTree = "<group>"; };
		04DEE4661BDE8D1900A103AF /* AFURLResponseSerialization.h */ = {isa = PBXFileReference; fileEncoding = 4; lastKnownFileType = sourcecode.c.h; path = AFURLResponseSerialization.h; sourceTree = "<group>"; };
		04DEE4671BDE8D1900A103AF /* AFURLResponseSerialization.m */ = {isa = PBXFileReference; fileEncoding = 4; lastKnownFileType = sourcecode.c.objc; path = AFURLResponseSerialization.m; sourceTree = "<group>"; };
		04DEE4681BDE8D1900A103AF /* AFURLSessionManager.h */ = {isa = PBXFileReference; fileEncoding = 4; lastKnownFileType = sourcecode.c.h; path = AFURLSessionManager.h; sourceTree = "<group>"; };
		04DEE4691BDE8D1900A103AF /* AFURLSessionManager.m */ = {isa = PBXFileReference; fileEncoding = 4; lastKnownFileType = sourcecode.c.objc; path = AFURLSessionManager.m; sourceTree = "<group>"; };
		04EA297B1BDF472A00413A31 /* WBUser.h */ = {isa = PBXFileReference; fileEncoding = 4; lastKnownFileType = sourcecode.c.h; path = WBUser.h; sourceTree = "<group>"; };
		04EA297C1BDF472A00413A31 /* WBUser.m */ = {isa = PBXFileReference; fileEncoding = 4; lastKnownFileType = sourcecode.c.objc; path = WBUser.m; sourceTree = "<group>"; };
		04EA297E1BDF487300413A31 /* WBPhoto.h */ = {isa = PBXFileReference; fileEncoding = 4; lastKnownFileType = sourcecode.c.h; path = WBPhoto.h; sourceTree = "<group>"; };
		04EA297F1BDF487300413A31 /* WBPhoto.m */ = {isa = PBXFileReference; fileEncoding = 4; lastKnownFileType = sourcecode.c.objc; path = WBPhoto.m; sourceTree = "<group>"; };
		04EA29C21BDF50F500413A31 /* MKAnnotationView+WebCache.h */ = {isa = PBXFileReference; fileEncoding = 4; lastKnownFileType = sourcecode.c.h; path = "MKAnnotationView+WebCache.h"; sourceTree = "<group>"; };
		04EA29C31BDF50F500413A31 /* MKAnnotationView+WebCache.m */ = {isa = PBXFileReference; fileEncoding = 4; lastKnownFileType = sourcecode.c.objc; path = "MKAnnotationView+WebCache.m"; sourceTree = "<group>"; };
		04EA29C41BDF50F500413A31 /* NSData+ImageContentType.h */ = {isa = PBXFileReference; fileEncoding = 4; lastKnownFileType = sourcecode.c.h; path = "NSData+ImageContentType.h"; sourceTree = "<group>"; };
		04EA29C51BDF50F500413A31 /* NSData+ImageContentType.m */ = {isa = PBXFileReference; fileEncoding = 4; lastKnownFileType = sourcecode.c.objc; path = "NSData+ImageContentType.m"; sourceTree = "<group>"; };
		04EA29C61BDF50F500413A31 /* SDImageCache.h */ = {isa = PBXFileReference; fileEncoding = 4; lastKnownFileType = sourcecode.c.h; path = SDImageCache.h; sourceTree = "<group>"; };
		04EA29C71BDF50F500413A31 /* SDImageCache.m */ = {isa = PBXFileReference; fileEncoding = 4; lastKnownFileType = sourcecode.c.objc; path = SDImageCache.m; sourceTree = "<group>"; };
		04EA29C81BDF50F500413A31 /* SDWebImageCompat.h */ = {isa = PBXFileReference; fileEncoding = 4; lastKnownFileType = sourcecode.c.h; path = SDWebImageCompat.h; sourceTree = "<group>"; };
		04EA29C91BDF50F500413A31 /* SDWebImageCompat.m */ = {isa = PBXFileReference; fileEncoding = 4; lastKnownFileType = sourcecode.c.objc; path = SDWebImageCompat.m; sourceTree = "<group>"; };
		04EA29CA1BDF50F500413A31 /* SDWebImageDecoder.h */ = {isa = PBXFileReference; fileEncoding = 4; lastKnownFileType = sourcecode.c.h; path = SDWebImageDecoder.h; sourceTree = "<group>"; };
		04EA29CB1BDF50F500413A31 /* SDWebImageDecoder.m */ = {isa = PBXFileReference; fileEncoding = 4; lastKnownFileType = sourcecode.c.objc; path = SDWebImageDecoder.m; sourceTree = "<group>"; };
		04EA29CC1BDF50F500413A31 /* SDWebImageDownloader.h */ = {isa = PBXFileReference; fileEncoding = 4; lastKnownFileType = sourcecode.c.h; path = SDWebImageDownloader.h; sourceTree = "<group>"; };
		04EA29CD1BDF50F500413A31 /* SDWebImageDownloader.m */ = {isa = PBXFileReference; fileEncoding = 4; lastKnownFileType = sourcecode.c.objc; path = SDWebImageDownloader.m; sourceTree = "<group>"; };
		04EA29CE1BDF50F500413A31 /* SDWebImageDownloaderOperation.h */ = {isa = PBXFileReference; fileEncoding = 4; lastKnownFileType = sourcecode.c.h; path = SDWebImageDownloaderOperation.h; sourceTree = "<group>"; };
		04EA29CF1BDF50F500413A31 /* SDWebImageDownloaderOperation.m */ = {isa = PBXFileReference; fileEncoding = 4; lastKnownFileType = sourcecode.c.objc; path = SDWebImageDownloaderOperation.m; sourceTree = "<group>"; };
		04EA29D01BDF50F500413A31 /* SDWebImageManager.h */ = {isa = PBXFileReference; fileEncoding = 4; lastKnownFileType = sourcecode.c.h; path = SDWebImageManager.h; sourceTree = "<group>"; };
		04EA29D11BDF50F500413A31 /* SDWebImageManager.m */ = {isa = PBXFileReference; fileEncoding = 4; lastKnownFileType = sourcecode.c.objc; path = SDWebImageManager.m; sourceTree = "<group>"; };
		04EA29D21BDF50F500413A31 /* SDWebImageOperation.h */ = {isa = PBXFileReference; fileEncoding = 4; lastKnownFileType = sourcecode.c.h; path = SDWebImageOperation.h; sourceTree = "<group>"; };
		04EA29D31BDF50F500413A31 /* SDWebImagePrefetcher.h */ = {isa = PBXFileReference; fileEncoding = 4; lastKnownFileType = sourcecode.c.h; path = SDWebImagePrefetcher.h; sourceTree = "<group>"; };
		04EA29D41BDF50F500413A31 /* SDWebImagePrefetcher.m */ = {isa = PBXFileReference; fileEncoding = 4; lastKnownFileType = sourcecode.c.objc; path = SDWebImagePrefetcher.m; sourceTree = "<group>"; };
		04EA29D51BDF50F500413A31 /* UIButton+WebCache.h */ = {isa = PBXFileReference; fileEncoding = 4; lastKnownFileType = sourcecode.c.h; path = "UIButton+WebCache.h"; sourceTree = "<group>"; };
		04EA29D61BDF50F500413A31 /* UIButton+WebCache.m */ = {isa = PBXFileReference; fileEncoding = 4; lastKnownFileType = sourcecode.c.objc; path = "UIButton+WebCache.m"; sourceTree = "<group>"; };
		04EA29D71BDF50F500413A31 /* UIImage+GIF.h */ = {isa = PBXFileReference; fileEncoding = 4; lastKnownFileType = sourcecode.c.h; path = "UIImage+GIF.h"; sourceTree = "<group>"; };
		04EA29D81BDF50F500413A31 /* UIImage+GIF.m */ = {isa = PBXFileReference; fileEncoding = 4; lastKnownFileType = sourcecode.c.objc; path = "UIImage+GIF.m"; sourceTree = "<group>"; };
		04EA29D91BDF50F500413A31 /* UIImage+MultiFormat.h */ = {isa = PBXFileReference; fileEncoding = 4; lastKnownFileType = sourcecode.c.h; path = "UIImage+MultiFormat.h"; sourceTree = "<group>"; };
		04EA29DA1BDF50F500413A31 /* UIImage+MultiFormat.m */ = {isa = PBXFileReference; fileEncoding = 4; lastKnownFileType = sourcecode.c.objc; path = "UIImage+MultiFormat.m"; sourceTree = "<group>"; };
		04EA29DB1BDF50F500413A31 /* UIImage+WebP.h */ = {isa = PBXFileReference; fileEncoding = 4; lastKnownFileType = sourcecode.c.h; path = "UIImage+WebP.h"; sourceTree = "<group>"; };
		04EA29DC1BDF50F500413A31 /* UIImage+WebP.m */ = {isa = PBXFileReference; fileEncoding = 4; lastKnownFileType = sourcecode.c.objc; path = "UIImage+WebP.m"; sourceTree = "<group>"; };
		04EA29DD1BDF50F500413A31 /* UIImageView+HighlightedWebCache.h */ = {isa = PBXFileReference; fileEncoding = 4; lastKnownFileType = sourcecode.c.h; path = "UIImageView+HighlightedWebCache.h"; sourceTree = "<group>"; };
		04EA29DE1BDF50F500413A31 /* UIImageView+HighlightedWebCache.m */ = {isa = PBXFileReference; fileEncoding = 4; lastKnownFileType = sourcecode.c.objc; path = "UIImageView+HighlightedWebCache.m"; sourceTree = "<group>"; };
		04EA29DF1BDF50F500413A31 /* UIImageView+WebCache.h */ = {isa = PBXFileReference; fileEncoding = 4; lastKnownFileType = sourcecode.c.h; path = "UIImageView+WebCache.h"; sourceTree = "<group>"; };
		04EA29E01BDF50F500413A31 /* UIImageView+WebCache.m */ = {isa = PBXFileReference; fileEncoding = 4; lastKnownFileType = sourcecode.c.objc; path = "UIImageView+WebCache.m"; sourceTree = "<group>"; };
		04EA29E11BDF50F500413A31 /* UIView+WebCacheOperation.h */ = {isa = PBXFileReference; fileEncoding = 4; lastKnownFileType = sourcecode.c.h; path = "UIView+WebCacheOperation.h"; sourceTree = "<group>"; };
		04EA29E21BDF50F500413A31 /* UIView+WebCacheOperation.m */ = {isa = PBXFileReference; fileEncoding = 4; lastKnownFileType = sourcecode.c.objc; path = "UIView+WebCacheOperation.m"; sourceTree = "<group>"; };
		04EA2A6E1BDF5A5B00413A31 /* MJDictionaryCache.h */ = {isa = PBXFileReference; fileEncoding = 4; lastKnownFileType = sourcecode.c.h; path = MJDictionaryCache.h; sourceTree = "<group>"; };
		04EA2A6F1BDF5A5B00413A31 /* MJDictionaryCache.m */ = {isa = PBXFileReference; fileEncoding = 4; lastKnownFileType = sourcecode.c.objc; path = MJDictionaryCache.m; sourceTree = "<group>"; };
		04EA2A701BDF5A5B00413A31 /* MJExtension.h */ = {isa = PBXFileReference; fileEncoding = 4; lastKnownFileType = sourcecode.c.h; path = MJExtension.h; sourceTree = "<group>"; };
		04EA2A711BDF5A5B00413A31 /* MJExtensionConst.h */ = {isa = PBXFileReference; fileEncoding = 4; lastKnownFileType = sourcecode.c.h; path = MJExtensionConst.h; sourceTree = "<group>"; };
		04EA2A721BDF5A5B00413A31 /* MJExtensionConst.m */ = {isa = PBXFileReference; fileEncoding = 4; lastKnownFileType = sourcecode.c.objc; path = MJExtensionConst.m; sourceTree = "<group>"; };
		04EA2A731BDF5A5B00413A31 /* MJFoundation.h */ = {isa = PBXFileReference; fileEncoding = 4; lastKnownFileType = sourcecode.c.h; path = MJFoundation.h; sourceTree = "<group>"; };
		04EA2A741BDF5A5B00413A31 /* MJFoundation.m */ = {isa = PBXFileReference; fileEncoding = 4; lastKnownFileType = sourcecode.c.objc; path = MJFoundation.m; sourceTree = "<group>"; };
		04EA2A751BDF5A5B00413A31 /* MJProperty.h */ = {isa = PBXFileReference; fileEncoding = 4; lastKnownFileType = sourcecode.c.h; path = MJProperty.h; sourceTree = "<group>"; };
		04EA2A761BDF5A5B00413A31 /* MJProperty.m */ = {isa = PBXFileReference; fileEncoding = 4; lastKnownFileType = sourcecode.c.objc; path = MJProperty.m; sourceTree = "<group>"; };
		04EA2A771BDF5A5B00413A31 /* MJPropertyKey.h */ = {isa = PBXFileReference; fileEncoding = 4; lastKnownFileType = sourcecode.c.h; path = MJPropertyKey.h; sourceTree = "<group>"; };
		04EA2A781BDF5A5B00413A31 /* MJPropertyKey.m */ = {isa = PBXFileReference; fileEncoding = 4; lastKnownFileType = sourcecode.c.objc; path = MJPropertyKey.m; sourceTree = "<group>"; };
		04EA2A791BDF5A5B00413A31 /* MJPropertyType.h */ = {isa = PBXFileReference; fileEncoding = 4; lastKnownFileType = sourcecode.c.h; path = MJPropertyType.h; sourceTree = "<group>"; };
		04EA2A7A1BDF5A5B00413A31 /* MJPropertyType.m */ = {isa = PBXFileReference; fileEncoding = 4; lastKnownFileType = sourcecode.c.objc; path = MJPropertyType.m; sourceTree = "<group>"; };
		04EA2A7B1BDF5A5B00413A31 /* NSObject+MJClass.h */ = {isa = PBXFileReference; fileEncoding = 4; lastKnownFileType = sourcecode.c.h; path = "NSObject+MJClass.h"; sourceTree = "<group>"; };
		04EA2A7C1BDF5A5B00413A31 /* NSObject+MJClass.m */ = {isa = PBXFileReference; fileEncoding = 4; lastKnownFileType = sourcecode.c.objc; path = "NSObject+MJClass.m"; sourceTree = "<group>"; };
		04EA2A7D1BDF5A5B00413A31 /* NSObject+MJCoding.h */ = {isa = PBXFileReference; fileEncoding = 4; lastKnownFileType = sourcecode.c.h; path = "NSObject+MJCoding.h"; sourceTree = "<group>"; };
		04EA2A7E1BDF5A5B00413A31 /* NSObject+MJCoding.m */ = {isa = PBXFileReference; fileEncoding = 4; lastKnownFileType = sourcecode.c.objc; path = "NSObject+MJCoding.m"; sourceTree = "<group>"; };
		04EA2A7F1BDF5A5B00413A31 /* NSObject+MJKeyValue.h */ = {isa = PBXFileReference; fileEncoding = 4; lastKnownFileType = sourcecode.c.h; path = "NSObject+MJKeyValue.h"; sourceTree = "<group>"; };
		04EA2A801BDF5A5B00413A31 /* NSObject+MJKeyValue.m */ = {isa = PBXFileReference; fileEncoding = 4; lastKnownFileType = sourcecode.c.objc; path = "NSObject+MJKeyValue.m"; sourceTree = "<group>"; };
		04EA2A811BDF5A5B00413A31 /* NSObject+MJProperty.h */ = {isa = PBXFileReference; fileEncoding = 4; lastKnownFileType = sourcecode.c.h; path = "NSObject+MJProperty.h"; sourceTree = "<group>"; };
		04EA2A821BDF5A5B00413A31 /* NSObject+MJProperty.m */ = {isa = PBXFileReference; fileEncoding = 4; lastKnownFileType = sourcecode.c.objc; path = "NSObject+MJProperty.m"; sourceTree = "<group>"; };
		04EA2A831BDF5A5B00413A31 /* NSString+MJExtension.h */ = {isa = PBXFileReference; fileEncoding = 4; lastKnownFileType = sourcecode.c.h; path = "NSString+MJExtension.h"; sourceTree = "<group>"; };
		04EA2A841BDF5A5B00413A31 /* NSString+MJExtension.m */ = {isa = PBXFileReference; fileEncoding = 4; lastKnownFileType = sourcecode.c.objc; path = "NSString+MJExtension.m"; sourceTree = "<group>"; };
		04EA2AAB1BDF5B3300413A31 /* MJRefreshAutoFooter.h */ = {isa = PBXFileReference; fileEncoding = 4; lastKnownFileType = sourcecode.c.h; path = MJRefreshAutoFooter.h; sourceTree = "<group>"; };
		04EA2AAC1BDF5B3300413A31 /* MJRefreshAutoFooter.m */ = {isa = PBXFileReference; fileEncoding = 4; lastKnownFileType = sourcecode.c.objc; path = MJRefreshAutoFooter.m; sourceTree = "<group>"; };
		04EA2AAD1BDF5B3300413A31 /* MJRefreshBackFooter.h */ = {isa = PBXFileReference; fileEncoding = 4; lastKnownFileType = sourcecode.c.h; path = MJRefreshBackFooter.h; sourceTree = "<group>"; };
		04EA2AAE1BDF5B3300413A31 /* MJRefreshBackFooter.m */ = {isa = PBXFileReference; fileEncoding = 4; lastKnownFileType = sourcecode.c.objc; path = MJRefreshBackFooter.m; sourceTree = "<group>"; };
		04EA2AAF1BDF5B3300413A31 /* MJRefreshComponent.h */ = {isa = PBXFileReference; fileEncoding = 4; lastKnownFileType = sourcecode.c.h; path = MJRefreshComponent.h; sourceTree = "<group>"; };
		04EA2AB01BDF5B3300413A31 /* MJRefreshComponent.m */ = {isa = PBXFileReference; fileEncoding = 4; lastKnownFileType = sourcecode.c.objc; path = MJRefreshComponent.m; sourceTree = "<group>"; };
		04EA2AB11BDF5B3300413A31 /* MJRefreshFooter.h */ = {isa = PBXFileReference; fileEncoding = 4; lastKnownFileType = sourcecode.c.h; path = MJRefreshFooter.h; sourceTree = "<group>"; };
		04EA2AB21BDF5B3300413A31 /* MJRefreshFooter.m */ = {isa = PBXFileReference; fileEncoding = 4; lastKnownFileType = sourcecode.c.objc; path = MJRefreshFooter.m; sourceTree = "<group>"; };
		04EA2AB31BDF5B3300413A31 /* MJRefreshHeader.h */ = {isa = PBXFileReference; fileEncoding = 4; lastKnownFileType = sourcecode.c.h; path = MJRefreshHeader.h; sourceTree = "<group>"; };
		04EA2AB41BDF5B3300413A31 /* MJRefreshHeader.m */ = {isa = PBXFileReference; fileEncoding = 4; lastKnownFileType = sourcecode.c.objc; path = MJRefreshHeader.m; sourceTree = "<group>"; };
		04EA2AB81BDF5B3300413A31 /* MJRefreshAutoGifFooter.h */ = {isa = PBXFileReference; fileEncoding = 4; lastKnownFileType = sourcecode.c.h; path = MJRefreshAutoGifFooter.h; sourceTree = "<group>"; };
		04EA2AB91BDF5B3300413A31 /* MJRefreshAutoGifFooter.m */ = {isa = PBXFileReference; fileEncoding = 4; lastKnownFileType = sourcecode.c.objc; path = MJRefreshAutoGifFooter.m; sourceTree = "<group>"; };
		04EA2ABA1BDF5B3300413A31 /* MJRefreshAutoNormalFooter.h */ = {isa = PBXFileReference; fileEncoding = 4; lastKnownFileType = sourcecode.c.h; path = MJRefreshAutoNormalFooter.h; sourceTree = "<group>"; };
		04EA2ABB1BDF5B3300413A31 /* MJRefreshAutoNormalFooter.m */ = {isa = PBXFileReference; fileEncoding = 4; lastKnownFileType = sourcecode.c.objc; path = MJRefreshAutoNormalFooter.m; sourceTree = "<group>"; };
		04EA2ABC1BDF5B3300413A31 /* MJRefreshAutoStateFooter.h */ = {isa = PBXFileReference; fileEncoding = 4; lastKnownFileType = sourcecode.c.h; path = MJRefreshAutoStateFooter.h; sourceTree = "<group>"; };
		04EA2ABD1BDF5B3300413A31 /* MJRefreshAutoStateFooter.m */ = {isa = PBXFileReference; fileEncoding = 4; lastKnownFileType = sourcecode.c.objc; path = MJRefreshAutoStateFooter.m; sourceTree = "<group>"; };
		04EA2ABF1BDF5B3300413A31 /* MJRefreshBackGifFooter.h */ = {isa = PBXFileReference; fileEncoding = 4; lastKnownFileType = sourcecode.c.h; path = MJRefreshBackGifFooter.h; sourceTree = "<group>"; };
		04EA2AC01BDF5B3300413A31 /* MJRefreshBackGifFooter.m */ = {isa = PBXFileReference; fileEncoding = 4; lastKnownFileType = sourcecode.c.objc; path = MJRefreshBackGifFooter.m; sourceTree = "<group>"; };
		04EA2AC11BDF5B3300413A31 /* MJRefreshBackNormalFooter.h */ = {isa = PBXFileReference; fileEncoding = 4; lastKnownFileType = sourcecode.c.h; path = MJRefreshBackNormalFooter.h; sourceTree = "<group>"; };
		04EA2AC21BDF5B3300413A31 /* MJRefreshBackNormalFooter.m */ = {isa = PBXFileReference; fileEncoding = 4; lastKnownFileType = sourcecode.c.objc; path = MJRefreshBackNormalFooter.m; sourceTree = "<group>"; };
		04EA2AC31BDF5B3300413A31 /* MJRefreshBackStateFooter.h */ = {isa = PBXFileReference; fileEncoding = 4; lastKnownFileType = sourcecode.c.h; path = MJRefreshBackStateFooter.h; sourceTree = "<group>"; };
		04EA2AC41BDF5B3300413A31 /* MJRefreshBackStateFooter.m */ = {isa = PBXFileReference; fileEncoding = 4; lastKnownFileType = sourcecode.c.objc; path = MJRefreshBackStateFooter.m; sourceTree = "<group>"; };
		04EA2AC61BDF5B3300413A31 /* MJRefreshGifHeader.h */ = {isa = PBXFileReference; fileEncoding = 4; lastKnownFileType = sourcecode.c.h; path = MJRefreshGifHeader.h; sourceTree = "<group>"; };
		04EA2AC71BDF5B3300413A31 /* MJRefreshGifHeader.m */ = {isa = PBXFileReference; fileEncoding = 4; lastKnownFileType = sourcecode.c.objc; path = MJRefreshGifHeader.m; sourceTree = "<group>"; };
		04EA2AC81BDF5B3300413A31 /* MJRefreshNormalHeader.h */ = {isa = PBXFileReference; fileEncoding = 4; lastKnownFileType = sourcecode.c.h; path = MJRefreshNormalHeader.h; sourceTree = "<group>"; };
		04EA2AC91BDF5B3300413A31 /* MJRefreshNormalHeader.m */ = {isa = PBXFileReference; fileEncoding = 4; lastKnownFileType = sourcecode.c.objc; path = MJRefreshNormalHeader.m; sourceTree = "<group>"; };
		04EA2ACA1BDF5B3300413A31 /* MJRefreshStateHeader.h */ = {isa = PBXFileReference; fileEncoding = 4; lastKnownFileType = sourcecode.c.h; path = MJRefreshStateHeader.h; sourceTree = "<group>"; };
		04EA2ACB1BDF5B3300413A31 /* MJRefreshStateHeader.m */ = {isa = PBXFileReference; fileEncoding = 4; lastKnownFileType = sourcecode.c.objc; path = MJRefreshStateHeader.m; sourceTree = "<group>"; };
		04EA2ACC1BDF5B3300413A31 /* MJRefresh.bundle */ = {isa = PBXFileReference; lastKnownFileType = "wrapper.plug-in"; path = MJRefresh.bundle; sourceTree = "<group>"; };
		04EA2ACD1BDF5B3300413A31 /* MJRefresh.h */ = {isa = PBXFileReference; fileEncoding = 4; lastKnownFileType = sourcecode.c.h; path = MJRefresh.h; sourceTree = "<group>"; };
		04EA2ACE1BDF5B3300413A31 /* MJRefreshConst.h */ = {isa = PBXFileReference; fileEncoding = 4; lastKnownFileType = sourcecode.c.h; path = MJRefreshConst.h; sourceTree = "<group>"; };
		04EA2ACF1BDF5B3300413A31 /* MJRefreshConst.m */ = {isa = PBXFileReference; fileEncoding = 4; lastKnownFileType = sourcecode.c.objc; path = MJRefreshConst.m; sourceTree = "<group>"; };
		04EA2AD01BDF5B3300413A31 /* UIScrollView+MJExtension.h */ = {isa = PBXFileReference; fileEncoding = 4; lastKnownFileType = sourcecode.c.h; path = "UIScrollView+MJExtension.h"; sourceTree = "<group>"; };
		04EA2AD11BDF5B3300413A31 /* UIScrollView+MJExtension.m */ = {isa = PBXFileReference; fileEncoding = 4; lastKnownFileType = sourcecode.c.objc; path = "UIScrollView+MJExtension.m"; sourceTree = "<group>"; };
		04EA2AD21BDF5B3300413A31 /* UIScrollView+MJRefresh.h */ = {isa = PBXFileReference; fileEncoding = 4; lastKnownFileType = sourcecode.c.h; path = "UIScrollView+MJRefresh.h"; sourceTree = "<group>"; };
		04EA2AD31BDF5B3300413A31 /* UIScrollView+MJRefresh.m */ = {isa = PBXFileReference; fileEncoding = 4; lastKnownFileType = sourcecode.c.objc; path = "UIScrollView+MJRefresh.m"; sourceTree = "<group>"; };
		04EA2AD41BDF5B3300413A31 /* UIView+MJExtension.h */ = {isa = PBXFileReference; fileEncoding = 4; lastKnownFileType = sourcecode.c.h; path = "UIView+MJExtension.h"; sourceTree = "<group>"; };
		04EA2AD51BDF5B3300413A31 /* UIView+MJExtension.m */ = {isa = PBXFileReference; fileEncoding = 4; lastKnownFileType = sourcecode.c.objc; path = "UIView+MJExtension.m"; sourceTree = "<group>"; };
		04EA2AEA1BDF6DCE00413A31 /* WBHttpTool.h */ = {isa = PBXFileReference; fileEncoding = 4; lastKnownFileType = sourcecode.c.h; path = WBHttpTool.h; sourceTree = "<group>"; };
		04EA2AEB1BDF6DCE00413A31 /* WBHttpTool.m */ = {isa = PBXFileReference; fileEncoding = 4; lastKnownFileType = sourcecode.c.objc; path = WBHttpTool.m; sourceTree = "<group>"; };
		04EA2AEE1BDFC07200413A31 /* WBStatusTool.h */ = {isa = PBXFileReference; fileEncoding = 4; lastKnownFileType = sourcecode.c.h; path = WBStatusTool.h; sourceTree = "<group>"; };
		04EA2AEF1BDFC07200413A31 /* WBStatusTool.m */ = {isa = PBXFileReference; fileEncoding = 4; lastKnownFileType = sourcecode.c.objc; path = WBStatusTool.m; sourceTree = "<group>"; };
		04EA2AF21BDFDAFD00413A31 /* WBAccountParam.h */ = {isa = PBXFileReference; fileEncoding = 4; lastKnownFileType = sourcecode.c.h; path = WBAccountParam.h; sourceTree = "<group>"; };
		04EA2AF31BDFDAFD00413A31 /* WBAccountParam.m */ = {isa = PBXFileReference; fileEncoding = 4; lastKnownFileType = sourcecode.c.objc; path = WBAccountParam.m; sourceTree = "<group>"; };
		04EAC8481BDDC6A100CE959B /* WBNewFeatureController.h */ = {isa = PBXFileReference; fileEncoding = 4; lastKnownFileType = sourcecode.c.h; path = WBNewFeatureController.h; sourceTree = "<group>"; };
		04EAC8491BDDC6A100CE959B /* WBNewFeatureController.m */ = {isa = PBXFileReference; fileEncoding = 4; lastKnownFileType = sourcecode.c.objc; path = WBNewFeatureController.m; sourceTree = "<group>"; };
		04EAC84B1BDDCE5500CE959B /* WBNewFeatureCell.h */ = {isa = PBXFileReference; fileEncoding = 4; lastKnownFileType = sourcecode.c.h; path = WBNewFeatureCell.h; sourceTree = "<group>"; };
		04EAC84C1BDDCE5500CE959B /* WBNewFeatureCell.m */ = {isa = PBXFileReference; fileEncoding = 4; lastKnownFileType = sourcecode.c.objc; path = WBNewFeatureCell.m; sourceTree = "<group>"; };
		04ECD58C1BE12B3E0054D939 /* silence.mp3 */ = {isa = PBXFileReference; lastKnownFileType = audio.mp3; path = silence.mp3; sourceTree = "<group>"; };
		04ECD58D1BE12B3E0054D939 /* 爸比我要喝奶奶.mp3 */ = {isa = PBXFileReference; lastKnownFileType = audio.mp3; path = "爸比我要喝奶奶.mp3"; sourceTree = "<group>"; };
		04EFFF291BDCEEE70092A029 /* WBOneViewController.h */ = {isa = PBXFileReference; fileEncoding = 4; lastKnownFileType = sourcecode.c.h; path = WBOneViewController.h; sourceTree = "<group>"; };
		04EFFF2A1BDCEEE70092A029 /* WBOneViewController.m */ = {isa = PBXFileReference; fileEncoding = 4; lastKnownFileType = sourcecode.c.objc; path = WBOneViewController.m; sourceTree = "<group>"; };
		04EFFF2F1BDCEEE70092A029 /* WBTabBarController.h */ = {isa = PBXFileReference; fileEncoding = 4; lastKnownFileType = sourcecode.c.h; path = WBTabBarController.h; sourceTree = "<group>"; };
		04EFFF301BDCEEE70092A029 /* WBTabBarController.m */ = {isa = PBXFileReference; fileEncoding = 4; lastKnownFileType = sourcecode.c.objc; path = WBTabBarController.m; sourceTree = "<group>"; };
		04EFFF331BDCEEE70092A029 /* WBTabBar.h */ = {isa = PBXFileReference; fileEncoding = 4; lastKnownFileType = sourcecode.c.h; path = WBTabBar.h; sourceTree = "<group>"; };
		04EFFF341BDCEEE70092A029 /* WBTabBar.m */ = {isa = PBXFileReference; fileEncoding = 4; lastKnownFileType = sourcecode.c.objc; path = WBTabBar.m; sourceTree = "<group>"; };
		04EFFF3A1BDCEEE70092A029 /* AppDelegate.h */ = {isa = PBXFileReference; fileEncoding = 4; lastKnownFileType = sourcecode.c.h; path = AppDelegate.h; sourceTree = "<group>"; };
		04EFFF3B1BDCEEE70092A029 /* AppDelegate.m */ = {isa = PBXFileReference; fileEncoding = 4; lastKnownFileType = sourcecode.c.objc; path = AppDelegate.m; sourceTree = "<group>"; };
		04EFFF3D1BDCEEE70092A029 /* UIImage+Original.h */ = {isa = PBXFileReference; fileEncoding = 4; lastKnownFileType = sourcecode.c.h; path = "UIImage+Original.h"; sourceTree = "<group>"; };
		04EFFF3E1BDCEEE70092A029 /* UIImage+Original.m */ = {isa = PBXFileReference; fileEncoding = 4; lastKnownFileType = sourcecode.c.objc; path = "UIImage+Original.m"; sourceTree = "<group>"; };
		04EFFF3F1BDCEEE70092A029 /* main.m */ = {isa = PBXFileReference; fileEncoding = 4; lastKnownFileType = sourcecode.c.objc; path = main.m; sourceTree = "<group>"; };
		04EFFF4A1BDCF0B00092A029 /* WBDiscoverTableViewController.h */ = {isa = PBXFileReference; fileEncoding = 4; lastKnownFileType = sourcecode.c.h; path = WBDiscoverTableViewController.h; sourceTree = "<group>"; };
		04EFFF4B1BDCF0B00092A029 /* WBDiscoverTableViewController.m */ = {isa = PBXFileReference; fileEncoding = 4; lastKnownFileType = sourcecode.c.objc; path = WBDiscoverTableViewController.m; sourceTree = "<group>"; };
		04EFFF4D1BDCF0E80092A029 /* WBSearchBar.h */ = {isa = PBXFileReference; fileEncoding = 4; lastKnownFileType = sourcecode.c.h; path = WBSearchBar.h; sourceTree = "<group>"; };
		04EFFF4E1BDCF0E80092A029 /* WBSearchBar.m */ = {isa = PBXFileReference; fileEncoding = 4; lastKnownFileType = sourcecode.c.objc; path = WBSearchBar.m; sourceTree = "<group>"; };
		04EFFF501BDCF21C0092A029 /* PersonWeiBo.pch */ = {isa = PBXFileReference; lastKnownFileType = sourcecode.c.h; path = PersonWeiBo.pch; sourceTree = "<group>"; };
		04EFFF511BDCF4330092A029 /* UIView+Frame.h */ = {isa = PBXFileReference; fileEncoding = 4; lastKnownFileType = sourcecode.c.h; path = "UIView+Frame.h"; sourceTree = "<group>"; };
		04EFFF521BDCF4330092A029 /* UIView+Frame.m */ = {isa = PBXFileReference; fileEncoding = 4; lastKnownFileType = sourcecode.c.objc; path = "UIView+Frame.m"; sourceTree = "<group>"; };
		04EFFF571BDCF7480092A029 /* WBHomeViewController.h */ = {isa = PBXFileReference; fileEncoding = 4; lastKnownFileType = sourcecode.c.h; path = WBHomeViewController.h; sourceTree = "<group>"; };
		04EFFF581BDCF7480092A029 /* WBHomeViewController.m */ = {isa = PBXFileReference; fileEncoding = 4; lastKnownFileType = sourcecode.c.objc; path = WBHomeViewController.m; sourceTree = "<group>"; };
		04EFFF5A1BDCF76C0092A029 /* WBTitleButton.h */ = {isa = PBXFileReference; fileEncoding = 4; lastKnownFileType = sourcecode.c.h; path = WBTitleButton.h; sourceTree = "<group>"; };
		04EFFF5B1BDCF76C0092A029 /* WBTitleButton.m */ = {isa = PBXFileReference; fileEncoding = 4; lastKnownFileType = sourcecode.c.objc; path = WBTitleButton.m; sourceTree = "<group>"; };
		04EFFF5D1BDCF8930092A029 /* WBPopMenu.h */ = {isa = PBXFileReference; fileEncoding = 4; lastKnownFileType = sourcecode.c.h; path = WBPopMenu.h; sourceTree = "<group>"; };
		04EFFF5E1BDCF8930092A029 /* WBPopMenu.m */ = {isa = PBXFileReference; fileEncoding = 4; lastKnownFileType = sourcecode.c.objc; path = WBPopMenu.m; sourceTree = "<group>"; };
		04EFFF601BDCFAA30092A029 /* WBCover.h */ = {isa = PBXFileReference; fileEncoding = 4; lastKnownFileType = sourcecode.c.h; path = WBCover.h; sourceTree = "<group>"; };
		04EFFF611BDCFAA30092A029 /* WBCover.m */ = {isa = PBXFileReference; fileEncoding = 4; lastKnownFileType = sourcecode.c.objc; path = WBCover.m; sourceTree = "<group>"; };
		04EFFF631BDCFD090092A029 /* UIBarButtonItem+Item.h */ = {isa = PBXFileReference; fileEncoding = 4; lastKnownFileType = sourcecode.c.h; path = "UIBarButtonItem+Item.h"; sourceTree = "<group>"; };
		04EFFF641BDCFD090092A029 /* UIBarButtonItem+Item.m */ = {isa = PBXFileReference; fileEncoding = 4; lastKnownFileType = sourcecode.c.objc; path = "UIBarButtonItem+Item.m"; sourceTree = "<group>"; };
		04F78D581BE22FFB00E0DBAF /* WBStatusCell.h */ = {isa = PBXFileReference; fileEncoding = 4; lastKnownFileType = sourcecode.c.h; path = WBStatusCell.h; sourceTree = "<group>"; };
		04F78D591BE22FFB00E0DBAF /* WBStatusCell.m */ = {isa = PBXFileReference; fileEncoding = 4; lastKnownFileType = sourcecode.c.objc; path = WBStatusCell.m; sourceTree = "<group>"; };
		04F78D5B1BE230ED00E0DBAF /* WBOriginalView.h */ = {isa = PBXFileReference; fileEncoding = 4; lastKnownFileType = sourcecode.c.h; path = WBOriginalView.h; sourceTree = "<group>"; };
		04F78D5C1BE230ED00E0DBAF /* WBOriginalView.m */ = {isa = PBXFileReference; fileEncoding = 4; lastKnownFileType = sourcecode.c.objc; path = WBOriginalView.m; sourceTree = "<group>"; };
		04F78D5E1BE2312100E0DBAF /* WBRetweetView.h */ = {isa = PBXFileReference; fileEncoding = 4; lastKnownFileType = sourcecode.c.h; path = WBRetweetView.h; sourceTree = "<group>"; };
		04F78D5F1BE2312100E0DBAF /* WBRetweetView.m */ = {isa = PBXFileReference; fileEncoding = 4; lastKnownFileType = sourcecode.c.objc; path = WBRetweetView.m; sourceTree = "<group>"; };
		04F78D611BE2318100E0DBAF /* WBStatusToolBar.h */ = {isa = PBXFileReference; fileEncoding = 4; lastKnownFileType = sourcecode.c.h; path = WBStatusToolBar.h; sourceTree = "<group>"; };
		04F78D621BE2318100E0DBAF /* WBStatusToolBar.m */ = {isa = PBXFileReference; fileEncoding = 4; lastKnownFileType = sourcecode.c.objc; path = WBStatusToolBar.m; sourceTree = "<group>"; };
		04F91E5A1BDF180400B096C2 /* WBAccount.h */ = {isa = PBXFileReference; fileEncoding = 4; lastKnownFileType = sourcecode.c.h; path = WBAccount.h; sourceTree = "<group>"; };
		04F91E5B1BDF180400B096C2 /* WBAccount.m */ = {isa = PBXFileReference; fileEncoding = 4; lastKnownFileType = sourcecode.c.objc; path = WBAccount.m; sourceTree = "<group>"; };
		04F91E5F1BDF243100B096C2 /* WBAccountTool.h */ = {isa = PBXFileReference; fileEncoding = 4; lastKnownFileType = sourcecode.c.h; path = WBAccountTool.h; sourceTree = "<group>"; };
		04F91E601BDF243100B096C2 /* WBAccountTool.m */ = {isa = PBXFileReference; fileEncoding = 4; lastKnownFileType = sourcecode.c.objc; path = WBAccountTool.m; sourceTree = "<group>"; };
		04F91E631BDF32F900B096C2 /* WBRootTool.h */ = {isa = PBXFileReference; fileEncoding = 4; lastKnownFileType = sourcecode.c.h; path = WBRootTool.h; sourceTree = "<group>"; };
		04F91E641BDF32F900B096C2 /* WBRootTool.m */ = {isa = PBXFileReference; fileEncoding = 4; lastKnownFileType = sourcecode.c.objc; path = WBRootTool.m; sourceTree = "<group>"; };
		04F91E671BDF3D4A00B096C2 /* NSArray+Log.h */ = {isa = PBXFileReference; fileEncoding = 4; lastKnownFileType = sourcecode.c.h; path = "NSArray+Log.h"; sourceTree = "<group>"; };
		04F91E681BDF3D4A00B096C2 /* NSArray+Log.m */ = {isa = PBXFileReference; fileEncoding = 4; lastKnownFileType = sourcecode.c.objc; path = "NSArray+Log.m"; sourceTree = "<group>"; };
		04F91E6A1BDF425900B096C2 /* WBStatus.h */ = {isa = PBXFileReference; fileEncoding = 4; lastKnownFileType = sourcecode.c.h; path = WBStatus.h; sourceTree = "<group>"; };
		04F91E6B1BDF425900B096C2 /* WBStatus.m */ = {isa = PBXFileReference; fileEncoding = 4; lastKnownFileType = sourcecode.c.objc; path = WBStatus.m; sourceTree = "<group>"; };
/* End PBXFileReference section */

/* Begin PBXFrameworksBuildPhase section */
		047DC50D1BDC7B290094B166 /* Frameworks */ = {
			isa = PBXFrameworksBuildPhase;
			buildActionMask = 2147483647;
			files = (
			);
			runOnlyForDeploymentPostprocessing = 0;
		};
		047DC5261BDC7B290094B166 /* Frameworks */ = {
			isa = PBXFrameworksBuildPhase;
			buildActionMask = 2147483647;
			files = (
			);
			runOnlyForDeploymentPostprocessing = 0;
		};
/* End PBXFrameworksBuildPhase section */

/* Begin PBXGroup section */
		0434859A1BE0852500A3508F /* User */ = {
			isa = PBXGroup;
			children = (
				0434859B1BE0852500A3508F /* Param */,
				0434859C1BE0852500A3508F /* Result */,
				043485A71BE0898F00A3508F /* WBUserTool.h */,
				043485A81BE0898F00A3508F /* WBUserTool.m */,
			);
			path = User;
			sourceTree = "<group>";
		};
		0434859B1BE0852500A3508F /* Param */ = {
			isa = PBXGroup;
			children = (
				0434859D1BE0854800A3508F /* WBUserParam.h */,
				0434859E1BE0854800A3508F /* WBUserParam.m */,
			);
			path = Param;
			sourceTree = "<group>";
		};
		0434859C1BE0852500A3508F /* Result */ = {
			isa = PBXGroup;
			children = (
				043485A41BE087FC00A3508F /* WBUserResult.h */,
				043485A51BE087FC00A3508F /* WBUserResult.m */,
			);
			path = Result;
			sourceTree = "<group>";
		};
		043485A01BE085C200A3508F /* Param */ = {
			isa = PBXGroup;
			children = (
				043485A11BE085FB00A3508F /* WBBaseParam.h */,
				043485A21BE085FB00A3508F /* WBBaseParam.m */,
			);
			path = Param;
			sourceTree = "<group>";
		};
		04581CF31BE23F55005A3325 /* ViewModel */ = {
			isa = PBXGroup;
			children = (
				04581CF41BE23F6E005A3325 /* WBStatusFrame.h */,
				04581CF51BE23F6E005A3325 /* WBStatusFrame.m */,
			);
			path = ViewModel;
			sourceTree = "<group>";
		};
		047DC5071BDC7B290094B166 = {
			isa = PBXGroup;
			children = (
				047DC5121BDC7B290094B166 /* PersonWeiBo */,
				047DC52C1BDC7B290094B166 /* PersonWeiBoUITests */,
				047DC5111BDC7B290094B166 /* Products */,
			);
			sourceTree = "<group>";
		};
		047DC5111BDC7B290094B166 /* Products */ = {
			isa = PBXGroup;
			children = (
				047DC5101BDC7B290094B166 /* PersonWeiBo.app */,
				047DC5291BDC7B290094B166 /* PersonWeiBoUITests.xctest */,
			);
			name = Products;
			sourceTree = "<group>";
		};
		047DC5121BDC7B290094B166 /* PersonWeiBo */ = {
			isa = PBXGroup;
			children = (
				04EFFF221BDCEEE70092A029 /* Classes */,
				047DC51F1BDC7B290094B166 /* Assets.xcassets */,
				047DC5211BDC7B290094B166 /* LaunchScreen.storyboard */,
				047DC5241BDC7B290094B166 /* Info.plist */,
				047DC5131BDC7B290094B166 /* Supporting Files */,
			);
			path = PersonWeiBo;
			sourceTree = "<group>";
		};
		047DC5131BDC7B290094B166 /* Supporting Files */ = {
			isa = PBXGroup;
			children = (
				04ECD58B1BE12B3E0054D939 /* Mp3 */,
			);
			name = "Supporting Files";
			sourceTree = "<group>";
		};
		047DC52C1BDC7B290094B166 /* PersonWeiBoUITests */ = {
			isa = PBXGroup;
			children = (
				047DC52D1BDC7B290094B166 /* PersonWeiBoUITests.m */,
				047DC52F1BDC7B290094B166 /* Info.plist */,
			);
			path = PersonWeiBoUITests;
			sourceTree = "<group>";
		};
		04DEE4451BDE7DAB00A103AF /* OAuth(授权) */ = {
			isa = PBXGroup;
			children = (
				04DEE4461BDE7DAB00A103AF /* Controller */,
				04DEE4471BDE7DAB00A103AF /* Model */,
				04DEE4481BDE7DAB00A103AF /* View */,
			);
			name = "OAuth(授权)";
			path = OAuth;
			sourceTree = "<group>";
		};
		04DEE4461BDE7DAB00A103AF /* Controller */ = {
			isa = PBXGroup;
			children = (
				04DEE4491BDE7DF400A103AF /* WBOAuthViewController.h */,
				04DEE44A1BDE7DF400A103AF /* WBOAuthViewController.m */,
			);
			path = Controller;
			sourceTree = "<group>";
		};
		04DEE4471BDE7DAB00A103AF /* Model */ = {
			isa = PBXGroup;
			children = (
				04F91E5A1BDF180400B096C2 /* WBAccount.h */,
				04F91E5B1BDF180400B096C2 /* WBAccount.m */,
			);
			path = Model;
			sourceTree = "<group>";
		};
		04DEE4481BDE7DAB00A103AF /* View */ = {
			isa = PBXGroup;
			children = (
			);
			path = View;
			sourceTree = "<group>";
		};
		04DEE44C1BDE824900A103AF /* Lib */ = {
			isa = PBXGroup;
			children = (
				04EA2AA91BDF5B3300413A31 /* MJRefresh */,
				04EA2A6D1BDF5A5B00413A31 /* MJExtension */,
				04EA29C11BDF50F500413A31 /* SDWebImage */,
				04DEE4561BDE8D1900A103AF /* AFNetworking */,
				04DEE44D1BDE825800A103AF /* MBProgressHUD */,
			);
			path = Lib;
			sourceTree = "<group>";
		};
		04DEE44D1BDE825800A103AF /* MBProgressHUD */ = {
			isa = PBXGroup;
			children = (
				04DEE44E1BDE825800A103AF /* MBProgressHUD+MJ.h */,
				04DEE44F1BDE825800A103AF /* MBProgressHUD+MJ.m */,
				04DEE4501BDE825800A103AF /* MBProgressHUD.bundle */,
				04DEE4511BDE825800A103AF /* MBProgressHUD.h */,
				04DEE4521BDE825800A103AF /* MBProgressHUD.m */,
			);
			path = MBProgressHUD;
			sourceTree = "<group>";
		};
		04DEE4561BDE8D1900A103AF /* AFNetworking */ = {
			isa = PBXGroup;
			children = (
				04DEE4571BDE8D1900A103AF /* AFHTTPRequestOperation.h */,
				04DEE4581BDE8D1900A103AF /* AFHTTPRequestOperation.m */,
				04DEE4591BDE8D1900A103AF /* AFHTTPRequestOperationManager.h */,
				04DEE45A1BDE8D1900A103AF /* AFHTTPRequestOperationManager.m */,
				04DEE45B1BDE8D1900A103AF /* AFHTTPSessionManager.h */,
				04DEE45C1BDE8D1900A103AF /* AFHTTPSessionManager.m */,
				04DEE45D1BDE8D1900A103AF /* AFNetworking.h */,
				04DEE45E1BDE8D1900A103AF /* AFNetworkReachabilityManager.h */,
				04DEE45F1BDE8D1900A103AF /* AFNetworkReachabilityManager.m */,
				04DEE4601BDE8D1900A103AF /* AFSecurityPolicy.h */,
				04DEE4611BDE8D1900A103AF /* AFSecurityPolicy.m */,
				04DEE4621BDE8D1900A103AF /* AFURLConnectionOperation.h */,
				04DEE4631BDE8D1900A103AF /* AFURLConnectionOperation.m */,
				04DEE4641BDE8D1900A103AF /* AFURLRequestSerialization.h */,
				04DEE4651BDE8D1900A103AF /* AFURLRequestSerialization.m */,
				04DEE4661BDE8D1900A103AF /* AFURLResponseSerialization.h */,
				04DEE4671BDE8D1900A103AF /* AFURLResponseSerialization.m */,
				04DEE4681BDE8D1900A103AF /* AFURLSessionManager.h */,
				04DEE4691BDE8D1900A103AF /* AFURLSessionManager.m */,
			);
			path = AFNetworking;
			sourceTree = "<group>";
		};
		04EA29C11BDF50F500413A31 /* SDWebImage */ = {
			isa = PBXGroup;
			children = (
				04EA29C21BDF50F500413A31 /* MKAnnotationView+WebCache.h */,
				04EA29C31BDF50F500413A31 /* MKAnnotationView+WebCache.m */,
				04EA29C41BDF50F500413A31 /* NSData+ImageContentType.h */,
				04EA29C51BDF50F500413A31 /* NSData+ImageContentType.m */,
				04EA29C61BDF50F500413A31 /* SDImageCache.h */,
				04EA29C71BDF50F500413A31 /* SDImageCache.m */,
				04EA29C81BDF50F500413A31 /* SDWebImageCompat.h */,
				04EA29C91BDF50F500413A31 /* SDWebImageCompat.m */,
				04EA29CA1BDF50F500413A31 /* SDWebImageDecoder.h */,
				04EA29CB1BDF50F500413A31 /* SDWebImageDecoder.m */,
				04EA29CC1BDF50F500413A31 /* SDWebImageDownloader.h */,
				04EA29CD1BDF50F500413A31 /* SDWebImageDownloader.m */,
				04EA29CE1BDF50F500413A31 /* SDWebImageDownloaderOperation.h */,
				04EA29CF1BDF50F500413A31 /* SDWebImageDownloaderOperation.m */,
				04EA29D01BDF50F500413A31 /* SDWebImageManager.h */,
				04EA29D11BDF50F500413A31 /* SDWebImageManager.m */,
				04EA29D21BDF50F500413A31 /* SDWebImageOperation.h */,
				04EA29D31BDF50F500413A31 /* SDWebImagePrefetcher.h */,
				04EA29D41BDF50F500413A31 /* SDWebImagePrefetcher.m */,
				04EA29D51BDF50F500413A31 /* UIButton+WebCache.h */,
				04EA29D61BDF50F500413A31 /* UIButton+WebCache.m */,
				04EA29D71BDF50F500413A31 /* UIImage+GIF.h */,
				04EA29D81BDF50F500413A31 /* UIImage+GIF.m */,
				04EA29D91BDF50F500413A31 /* UIImage+MultiFormat.h */,
				04EA29DA1BDF50F500413A31 /* UIImage+MultiFormat.m */,
				04EA29DB1BDF50F500413A31 /* UIImage+WebP.h */,
				04EA29DC1BDF50F500413A31 /* UIImage+WebP.m */,
				04EA29DD1BDF50F500413A31 /* UIImageView+HighlightedWebCache.h */,
				04EA29DE1BDF50F500413A31 /* UIImageView+HighlightedWebCache.m */,
				04EA29DF1BDF50F500413A31 /* UIImageView+WebCache.h */,
				04EA29E01BDF50F500413A31 /* UIImageView+WebCache.m */,
				04EA29E11BDF50F500413A31 /* UIView+WebCacheOperation.h */,
				04EA29E21BDF50F500413A31 /* UIView+WebCacheOperation.m */,
			);
			path = SDWebImage;
			sourceTree = "<group>";
		};
		04EA2A6D1BDF5A5B00413A31 /* MJExtension */ = {
			isa = PBXGroup;
			children = (
				04EA2A6E1BDF5A5B00413A31 /* MJDictionaryCache.h */,
				04EA2A6F1BDF5A5B00413A31 /* MJDictionaryCache.m */,
				04EA2A701BDF5A5B00413A31 /* MJExtension.h */,
				04EA2A711BDF5A5B00413A31 /* MJExtensionConst.h */,
				04EA2A721BDF5A5B00413A31 /* MJExtensionConst.m */,
				04EA2A731BDF5A5B00413A31 /* MJFoundation.h */,
				04EA2A741BDF5A5B00413A31 /* MJFoundation.m */,
				04EA2A751BDF5A5B00413A31 /* MJProperty.h */,
				04EA2A761BDF5A5B00413A31 /* MJProperty.m */,
				04EA2A771BDF5A5B00413A31 /* MJPropertyKey.h */,
				04EA2A781BDF5A5B00413A31 /* MJPropertyKey.m */,
				04EA2A791BDF5A5B00413A31 /* MJPropertyType.h */,
				04EA2A7A1BDF5A5B00413A31 /* MJPropertyType.m */,
				04EA2A7B1BDF5A5B00413A31 /* NSObject+MJClass.h */,
				04EA2A7C1BDF5A5B00413A31 /* NSObject+MJClass.m */,
				04EA2A7D1BDF5A5B00413A31 /* NSObject+MJCoding.h */,
				04EA2A7E1BDF5A5B00413A31 /* NSObject+MJCoding.m */,
				04EA2A7F1BDF5A5B00413A31 /* NSObject+MJKeyValue.h */,
				04EA2A801BDF5A5B00413A31 /* NSObject+MJKeyValue.m */,
				04EA2A811BDF5A5B00413A31 /* NSObject+MJProperty.h */,
				04EA2A821BDF5A5B00413A31 /* NSObject+MJProperty.m */,
				04EA2A831BDF5A5B00413A31 /* NSString+MJExtension.h */,
				04EA2A841BDF5A5B00413A31 /* NSString+MJExtension.m */,
			);
			path = MJExtension;
			sourceTree = "<group>";
		};
		04EA2AA91BDF5B3300413A31 /* MJRefresh */ = {
			isa = PBXGroup;
			children = (
				04EA2AAA1BDF5B3300413A31 /* Base */,
				04EA2AB51BDF5B3300413A31 /* Custom */,
				04EA2ACC1BDF5B3300413A31 /* MJRefresh.bundle */,
				04EA2ACD1BDF5B3300413A31 /* MJRefresh.h */,
				04EA2ACE1BDF5B3300413A31 /* MJRefreshConst.h */,
				04EA2ACF1BDF5B3300413A31 /* MJRefreshConst.m */,
				04EA2AD01BDF5B3300413A31 /* UIScrollView+MJExtension.h */,
				04EA2AD11BDF5B3300413A31 /* UIScrollView+MJExtension.m */,
				04EA2AD21BDF5B3300413A31 /* UIScrollView+MJRefresh.h */,
				04EA2AD31BDF5B3300413A31 /* UIScrollView+MJRefresh.m */,
				04EA2AD41BDF5B3300413A31 /* UIView+MJExtension.h */,
				04EA2AD51BDF5B3300413A31 /* UIView+MJExtension.m */,
			);
			path = MJRefresh;
			sourceTree = "<group>";
		};
		04EA2AAA1BDF5B3300413A31 /* Base */ = {
			isa = PBXGroup;
			children = (
				04EA2AAB1BDF5B3300413A31 /* MJRefreshAutoFooter.h */,
				04EA2AAC1BDF5B3300413A31 /* MJRefreshAutoFooter.m */,
				04EA2AAD1BDF5B3300413A31 /* MJRefreshBackFooter.h */,
				04EA2AAE1BDF5B3300413A31 /* MJRefreshBackFooter.m */,
				04EA2AAF1BDF5B3300413A31 /* MJRefreshComponent.h */,
				04EA2AB01BDF5B3300413A31 /* MJRefreshComponent.m */,
				04EA2AB11BDF5B3300413A31 /* MJRefreshFooter.h */,
				04EA2AB21BDF5B3300413A31 /* MJRefreshFooter.m */,
				04EA2AB31BDF5B3300413A31 /* MJRefreshHeader.h */,
				04EA2AB41BDF5B3300413A31 /* MJRefreshHeader.m */,
			);
			path = Base;
			sourceTree = "<group>";
		};
		04EA2AB51BDF5B3300413A31 /* Custom */ = {
			isa = PBXGroup;
			children = (
				04EA2AB61BDF5B3300413A31 /* Footer */,
				04EA2AC51BDF5B3300413A31 /* Header */,
			);
			path = Custom;
			sourceTree = "<group>";
		};
		04EA2AB61BDF5B3300413A31 /* Footer */ = {
			isa = PBXGroup;
			children = (
				04EA2AB71BDF5B3300413A31 /* Auto */,
				04EA2ABE1BDF5B3300413A31 /* Back */,
			);
			path = Footer;
			sourceTree = "<group>";
		};
		04EA2AB71BDF5B3300413A31 /* Auto */ = {
			isa = PBXGroup;
			children = (
				04EA2AB81BDF5B3300413A31 /* MJRefreshAutoGifFooter.h */,
				04EA2AB91BDF5B3300413A31 /* MJRefreshAutoGifFooter.m */,
				04EA2ABA1BDF5B3300413A31 /* MJRefreshAutoNormalFooter.h */,
				04EA2ABB1BDF5B3300413A31 /* MJRefreshAutoNormalFooter.m */,
				04EA2ABC1BDF5B3300413A31 /* MJRefreshAutoStateFooter.h */,
				04EA2ABD1BDF5B3300413A31 /* MJRefreshAutoStateFooter.m */,
			);
			path = Auto;
			sourceTree = "<group>";
		};
		04EA2ABE1BDF5B3300413A31 /* Back */ = {
			isa = PBXGroup;
			children = (
				04EA2ABF1BDF5B3300413A31 /* MJRefreshBackGifFooter.h */,
				04EA2AC01BDF5B3300413A31 /* MJRefreshBackGifFooter.m */,
				04EA2AC11BDF5B3300413A31 /* MJRefreshBackNormalFooter.h */,
				04EA2AC21BDF5B3300413A31 /* MJRefreshBackNormalFooter.m */,
				04EA2AC31BDF5B3300413A31 /* MJRefreshBackStateFooter.h */,
				04EA2AC41BDF5B3300413A31 /* MJRefreshBackStateFooter.m */,
			);
			path = Back;
			sourceTree = "<group>";
		};
		04EA2AC51BDF5B3300413A31 /* Header */ = {
			isa = PBXGroup;
			children = (
				04EA2AC61BDF5B3300413A31 /* MJRefreshGifHeader.h */,
				04EA2AC71BDF5B3300413A31 /* MJRefreshGifHeader.m */,
				04EA2AC81BDF5B3300413A31 /* MJRefreshNormalHeader.h */,
				04EA2AC91BDF5B3300413A31 /* MJRefreshNormalHeader.m */,
				04EA2ACA1BDF5B3300413A31 /* MJRefreshStateHeader.h */,
				04EA2ACB1BDF5B3300413A31 /* MJRefreshStateHeader.m */,
			);
			path = Header;
			sourceTree = "<group>";
		};
		04EA2AE91BDF6DB200413A31 /* HTTP */ = {
			isa = PBXGroup;
			children = (
				04EA2AEA1BDF6DCE00413A31 /* WBHttpTool.h */,
				04EA2AEB1BDF6DCE00413A31 /* WBHttpTool.m */,
			);
			path = HTTP;
			sourceTree = "<group>";
		};
		04EA2AED1BDFC06100413A31 /* Status */ = {
			isa = PBXGroup;
			children = (
				04EA2AEE1BDFC07200413A31 /* WBStatusTool.h */,
				04EA2AEF1BDFC07200413A31 /* WBStatusTool.m */,
			);
			path = Status;
			sourceTree = "<group>";
		};
		04EA2AF11BDFDAE200413A31 /* Param */ = {
			isa = PBXGroup;
			children = (
				04EA2AF21BDFDAFD00413A31 /* WBAccountParam.h */,
				04EA2AF31BDFDAFD00413A31 /* WBAccountParam.m */,
			);
			path = Param;
			sourceTree = "<group>";
		};
		04EAC8441BDDC3C800CE959B /* NewFeature(新特性) */ = {
			isa = PBXGroup;
			children = (
				04EAC8451BDDC3C800CE959B /* Controller */,
				04EAC8461BDDC3C800CE959B /* Model */,
				04EAC8471BDDC3C800CE959B /* View */,
			);
			name = "NewFeature(新特性)";
			path = NewFeature;
			sourceTree = "<group>";
		};
		04EAC8451BDDC3C800CE959B /* Controller */ = {
			isa = PBXGroup;
			children = (
				04EAC8481BDDC6A100CE959B /* WBNewFeatureController.h */,
				04EAC8491BDDC6A100CE959B /* WBNewFeatureController.m */,
			);
			path = Controller;
			sourceTree = "<group>";
		};
		04EAC8461BDDC3C800CE959B /* Model */ = {
			isa = PBXGroup;
			children = (
			);
			path = Model;
			sourceTree = "<group>";
		};
		04EAC8471BDDC3C800CE959B /* View */ = {
			isa = PBXGroup;
			children = (
				04EAC84B1BDDCE5500CE959B /* WBNewFeatureCell.h */,
				04EAC84C1BDDCE5500CE959B /* WBNewFeatureCell.m */,
			);
			path = View;
			sourceTree = "<group>";
		};
		04ECD58B1BE12B3E0054D939 /* Mp3 */ = {
			isa = PBXGroup;
			children = (
				04ECD58C1BE12B3E0054D939 /* silence.mp3 */,
				04ECD58D1BE12B3E0054D939 /* 爸比我要喝奶奶.mp3 */,
			);
			path = Mp3;
			sourceTree = "<group>";
		};
		04EFFF221BDCEEE70092A029 /* Classes */ = {
			isa = PBXGroup;
			children = (
				04F91E5D1BDF240500B096C2 /* Tool(业务逻辑) */,
				04DEE4451BDE7DAB00A103AF /* OAuth(授权) */,
				04EAC8441BDDC3C800CE959B /* NewFeature(新特性) */,
				04EFFF2D1BDCEEE70092A029 /* Main(主框架) */,
				04EFFF271BDCEEE70092A029 /* Home(首页) */,
				04EFFF351BDCEEE70092A029 /* Message(消息) */,
				04EFFF231BDCEEE70092A029 /* Discover(发现) */,
				04EFFF401BDCEEE70092A029 /* Profile(我) */,
				04EFFF391BDCEEE70092A029 /* Other(其他) */,
			);
			path = Classes;
			sourceTree = "<group>";
		};
		04EFFF231BDCEEE70092A029 /* Discover(发现) */ = {
			isa = PBXGroup;
			children = (
				04EFFF241BDCEEE70092A029 /* Controller */,
				04EFFF251BDCEEE70092A029 /* Model */,
				04EFFF261BDCEEE70092A029 /* View */,
			);
			name = "Discover(发现)";
			path = Discover;
			sourceTree = "<group>";
		};
		04EFFF241BDCEEE70092A029 /* Controller */ = {
			isa = PBXGroup;
			children = (
				04EFFF4A1BDCF0B00092A029 /* WBDiscoverTableViewController.h */,
				04EFFF4B1BDCF0B00092A029 /* WBDiscoverTableViewController.m */,
			);
			path = Controller;
			sourceTree = "<group>";
		};
		04EFFF251BDCEEE70092A029 /* Model */ = {
			isa = PBXGroup;
			children = (
			);
			path = Model;
			sourceTree = "<group>";
		};
		04EFFF261BDCEEE70092A029 /* View */ = {
			isa = PBXGroup;
			children = (
				04EFFF4D1BDCF0E80092A029 /* WBSearchBar.h */,
				04EFFF4E1BDCF0E80092A029 /* WBSearchBar.m */,
			);
			path = View;
			sourceTree = "<group>";
		};
		04EFFF271BDCEEE70092A029 /* Home(首页) */ = {
			isa = PBXGroup;
			children = (
				04EFFF281BDCEEE70092A029 /* Controller */,
				04EFFF2B1BDCEEE70092A029 /* Model */,
				04EFFF2C1BDCEEE70092A029 /* View */,
			);
			name = "Home(首页)";
			path = Home;
			sourceTree = "<group>";
		};
		04EFFF281BDCEEE70092A029 /* Controller */ = {
			isa = PBXGroup;
			children = (
				04EFFF291BDCEEE70092A029 /* WBOneViewController.h */,
				04EFFF2A1BDCEEE70092A029 /* WBOneViewController.m */,
				04EFFF571BDCF7480092A029 /* WBHomeViewController.h */,
				04EFFF581BDCF7480092A029 /* WBHomeViewController.m */,
			);
			path = Controller;
			sourceTree = "<group>";
		};
		04EFFF2B1BDCEEE70092A029 /* Model */ = {
			isa = PBXGroup;
			children = (
				04581CF31BE23F55005A3325 /* ViewModel */,
				04F91E6A1BDF425900B096C2 /* WBStatus.h */,
				04F91E6B1BDF425900B096C2 /* WBStatus.m */,
				04EA297B1BDF472A00413A31 /* WBUser.h */,
				04EA297C1BDF472A00413A31 /* WBUser.m */,
				04EA297E1BDF487300413A31 /* WBPhoto.h */,
				04EA297F1BDF487300413A31 /* WBPhoto.m */,
			);
			path = Model;
			sourceTree = "<group>";
		};
		04EFFF2C1BDCEEE70092A029 /* View */ = {
			isa = PBXGroup;
			children = (
				04F78D571BE22FCE00E0DBAF /* Cell */,
				04EFFF5A1BDCF76C0092A029 /* WBTitleButton.h */,
				04EFFF5B1BDCF76C0092A029 /* WBTitleButton.m */,
				04EFFF5D1BDCF8930092A029 /* WBPopMenu.h */,
				04EFFF5E1BDCF8930092A029 /* WBPopMenu.m */,
				04EFFF601BDCFAA30092A029 /* WBCover.h */,
				04EFFF611BDCFAA30092A029 /* WBCover.m */,
			);
			path = View;
			sourceTree = "<group>";
		};
		04EFFF2D1BDCEEE70092A029 /* Main(主框架) */ = {
			isa = PBXGroup;
			children = (
				04EFFF2E1BDCEEE70092A029 /* Controller */,
				04EFFF311BDCEEE70092A029 /* Model */,
				04EFFF321BDCEEE70092A029 /* View */,
			);
			name = "Main(主框架)";
			path = Main;
			sourceTree = "<group>";
		};
		04EFFF2E1BDCEEE70092A029 /* Controller */ = {
			isa = PBXGroup;
			children = (
				04EFFF2F1BDCEEE70092A029 /* WBTabBarController.h */,
				04EFFF301BDCEEE70092A029 /* WBTabBarController.m */,
				0413EC181BDD0FB5009D9F9A /* WBNavigationController.h */,
				0413EC191BDD0FB5009D9F9A /* WBNavigationController.m */,
			);
			path = Controller;
			sourceTree = "<group>";
		};
		04EFFF311BDCEEE70092A029 /* Model */ = {
			isa = PBXGroup;
			children = (
			);
			path = Model;
			sourceTree = "<group>";
		};
		04EFFF321BDCEEE70092A029 /* View */ = {
			isa = PBXGroup;
			children = (
				04EFFF331BDCEEE70092A029 /* WBTabBar.h */,
				04EFFF341BDCEEE70092A029 /* WBTabBar.m */,
				0413EC0F1BDD0629009D9F9A /* WBTabBarButton.h */,
				0413EC101BDD0629009D9F9A /* WBTabBarButton.m */,
				0413EC121BDD06A3009D9F9A /* WBBadgeView.h */,
				0413EC131BDD06A3009D9F9A /* WBBadgeView.m */,
			);
			path = View;
			sourceTree = "<group>";
		};
		04EFFF351BDCEEE70092A029 /* Message(消息) */ = {
			isa = PBXGroup;
			children = (
				04EFFF361BDCEEE70092A029 /* Controller */,
				04EFFF371BDCEEE70092A029 /* Model */,
				04EFFF381BDCEEE70092A029 /* View */,
			);
			name = "Message(消息)";
			path = Message;
			sourceTree = "<group>";
		};
		04EFFF361BDCEEE70092A029 /* Controller */ = {
			isa = PBXGroup;
			children = (
				0413EC151BDD0D9B009D9F9A /* WBMessageViewController.h */,
				0413EC161BDD0D9B009D9F9A /* WBMessageViewController.m */,
			);
			path = Controller;
			sourceTree = "<group>";
		};
		04EFFF371BDCEEE70092A029 /* Model */ = {
			isa = PBXGroup;
			children = (
			);
			path = Model;
			sourceTree = "<group>";
		};
		04EFFF381BDCEEE70092A029 /* View */ = {
			isa = PBXGroup;
			children = (
			);
			path = View;
			sourceTree = "<group>";
		};
		04EFFF391BDCEEE70092A029 /* Other(其他) */ = {
			isa = PBXGroup;
			children = (
				04DEE44C1BDE824900A103AF /* Lib */,
				04EFFF3A1BDCEEE70092A029 /* AppDelegate.h */,
				04EFFF3B1BDCEEE70092A029 /* AppDelegate.m */,
				04EFFF3C1BDCEEE70092A029 /* Category */,
				04EFFF3F1BDCEEE70092A029 /* main.m */,
				04EFFF501BDCF21C0092A029 /* PersonWeiBo.pch */,
			);
			name = "Other(其他)";
			path = Other;
			sourceTree = "<group>";
		};
		04EFFF3C1BDCEEE70092A029 /* Category */ = {
			isa = PBXGroup;
			children = (
				04F91E661BDF3D4A00B096C2 /* NSArray+Log */,
				04581CF71BE27128005A3325 /* NSDate+MJ.h */,
				04581CF81BE27128005A3325 /* NSDate+MJ.m */,
				04EFFF3D1BDCEEE70092A029 /* UIImage+Original.h */,
				04EFFF3E1BDCEEE70092A029 /* UIImage+Original.m */,
				04EFFF511BDCF4330092A029 /* UIView+Frame.h */,
				04EFFF521BDCF4330092A029 /* UIView+Frame.m */,
				04EFFF631BDCFD090092A029 /* UIBarButtonItem+Item.h */,
				04EFFF641BDCFD090092A029 /* UIBarButtonItem+Item.m */,
			);
			path = Category;
			sourceTree = "<group>";
		};
		04EFFF401BDCEEE70092A029 /* Profile(我) */ = {
			isa = PBXGroup;
			children = (
				04EFFF411BDCEEE70092A029 /* Controller */,
				04EFFF421BDCEEE70092A029 /* Model */,
				04EFFF431BDCEEE70092A029 /* View */,
			);
			name = "Profile(我)";
			path = Profile;
			sourceTree = "<group>";
		};
		04EFFF411BDCEEE70092A029 /* Controller */ = {
			isa = PBXGroup;
			children = (
				0413EC1B1BDD129F009D9F9A /* WBProfileViewController.h */,
				0413EC1C1BDD129F009D9F9A /* WBProfileViewController.m */,
			);
			path = Controller;
			sourceTree = "<group>";
		};
		04EFFF421BDCEEE70092A029 /* Model */ = {
			isa = PBXGroup;
			children = (
			);
			path = Model;
			sourceTree = "<group>";
		};
		04EFFF431BDCEEE70092A029 /* View */ = {
			isa = PBXGroup;
			children = (
			);
			path = View;
			sourceTree = "<group>";
		};
		04F78D571BE22FCE00E0DBAF /* Cell */ = {
			isa = PBXGroup;
			children = (
				04F78D581BE22FFB00E0DBAF /* WBStatusCell.h */,
				04F78D591BE22FFB00E0DBAF /* WBStatusCell.m */,
				04F78D5B1BE230ED00E0DBAF /* WBOriginalView.h */,
				04F78D5C1BE230ED00E0DBAF /* WBOriginalView.m */,
				04F78D5E1BE2312100E0DBAF /* WBRetweetView.h */,
				04F78D5F1BE2312100E0DBAF /* WBRetweetView.m */,
				04F78D611BE2318100E0DBAF /* WBStatusToolBar.h */,
				04F78D621BE2318100E0DBAF /* WBStatusToolBar.m */,
			);
			path = Cell;
			sourceTree = "<group>";
		};
		04F91E5D1BDF240500B096C2 /* Tool(业务逻辑) */ = {
			isa = PBXGroup;
			children = (
				043485A01BE085C200A3508F /* Param */,
				0434859A1BE0852500A3508F /* User */,
				04EA2AED1BDFC06100413A31 /* Status */,
				04EA2AE91BDF6DB200413A31 /* HTTP */,
				04F91E621BDF32E800B096C2 /* Root */,
				04F91E5E1BDF240500B096C2 /* Account */,
			);
			name = "Tool(业务逻辑)";
			path = Tool;
			sourceTree = "<group>";
		};
		04F91E5E1BDF240500B096C2 /* Account */ = {
			isa = PBXGroup;
			children = (
				04EA2AF11BDFDAE200413A31 /* Param */,
				04F91E5F1BDF243100B096C2 /* WBAccountTool.h */,
				04F91E601BDF243100B096C2 /* WBAccountTool.m */,
			);
			path = Account;
			sourceTree = "<group>";
		};
		04F91E621BDF32E800B096C2 /* Root */ = {
			isa = PBXGroup;
			children = (
				04F91E631BDF32F900B096C2 /* WBRootTool.h */,
				04F91E641BDF32F900B096C2 /* WBRootTool.m */,
			);
			path = Root;
			sourceTree = "<group>";
		};
		04F91E661BDF3D4A00B096C2 /* NSArray+Log */ = {
			isa = PBXGroup;
			children = (
				04F91E671BDF3D4A00B096C2 /* NSArray+Log.h */,
				04F91E681BDF3D4A00B096C2 /* NSArray+Log.m */,
			);
			path = "NSArray+Log";
			sourceTree = "<group>";
		};
/* End PBXGroup section */

/* Begin PBXNativeTarget section */
		047DC50F1BDC7B290094B166 /* PersonWeiBo */ = {
			isa = PBXNativeTarget;
			buildConfigurationList = 047DC5321BDC7B290094B166 /* Build configuration list for PBXNativeTarget "PersonWeiBo" */;
			buildPhases = (
				047DC50C1BDC7B290094B166 /* Sources */,
				047DC50D1BDC7B290094B166 /* Frameworks */,
				047DC50E1BDC7B290094B166 /* Resources */,
			);
			buildRules = (
			);
			dependencies = (
			);
			name = PersonWeiBo;
			productName = PersonWeiBo;
			productReference = 047DC5101BDC7B290094B166 /* PersonWeiBo.app */;
			productType = "com.apple.product-type.application";
		};
		047DC5281BDC7B290094B166 /* PersonWeiBoUITests */ = {
			isa = PBXNativeTarget;
			buildConfigurationList = 047DC5351BDC7B290094B166 /* Build configuration list for PBXNativeTarget "PersonWeiBoUITests" */;
			buildPhases = (
				047DC5251BDC7B290094B166 /* Sources */,
				047DC5261BDC7B290094B166 /* Frameworks */,
				047DC5271BDC7B290094B166 /* Resources */,
			);
			buildRules = (
			);
			dependencies = (
				047DC52B1BDC7B290094B166 /* PBXTargetDependency */,
			);
			name = PersonWeiBoUITests;
			productName = PersonWeiBoUITests;
			productReference = 047DC5291BDC7B290094B166 /* PersonWeiBoUITests.xctest */;
			productType = "com.apple.product-type.bundle.ui-testing";
		};
/* End PBXNativeTarget section */

/* Begin PBXProject section */
		047DC5081BDC7B290094B166 /* Project object */ = {
			isa = PBXProject;
			attributes = {
				CLASSPREFIX = WB;
				LastUpgradeCheck = 0710;
				ORGANIZATIONNAME = Macmini;
				TargetAttributes = {
					047DC50F1BDC7B290094B166 = {
						CreatedOnToolsVersion = 7.1;
						DevelopmentTeam = 9Q2696685E;
						SystemCapabilities = {
							com.apple.BackgroundModes = {
								enabled = 1;
							};
						};
					};
					047DC5281BDC7B290094B166 = {
						CreatedOnToolsVersion = 7.1;
						DevelopmentTeam = 9Q2696685E;
						TestTargetID = 047DC50F1BDC7B290094B166;
					};
				};
			};
			buildConfigurationList = 047DC50B1BDC7B290094B166 /* Build configuration list for PBXProject "PersonWeiBo" */;
			compatibilityVersion = "Xcode 3.2";
			developmentRegion = English;
			hasScannedForEncodings = 0;
			knownRegions = (
				en,
				Base,
			);
			mainGroup = 047DC5071BDC7B290094B166;
			productRefGroup = 047DC5111BDC7B290094B166 /* Products */;
			projectDirPath = "";
			projectRoot = "";
			targets = (
				047DC50F1BDC7B290094B166 /* PersonWeiBo */,
				047DC5281BDC7B290094B166 /* PersonWeiBoUITests */,
			);
		};
/* End PBXProject section */

/* Begin PBXResourcesBuildPhase section */
		047DC50E1BDC7B290094B166 /* Resources */ = {
			isa = PBXResourcesBuildPhase;
			buildActionMask = 2147483647;
			files = (
				04ECD58E1BE12B3E0054D939 /* silence.mp3 in Resources */,
				047DC5231BDC7B290094B166 /* LaunchScreen.storyboard in Resources */,
				047DC5201BDC7B290094B166 /* Assets.xcassets in Resources */,
				04EA2AE41BDF5B3300413A31 /* MJRefresh.bundle in Resources */,
				04ECD58F1BE12B3E0054D939 /* 爸比我要喝奶奶.mp3 in Resources */,
				04DEE4541BDE825800A103AF /* MBProgressHUD.bundle in Resources */,
			);
			runOnlyForDeploymentPostprocessing = 0;
		};
		047DC5271BDC7B290094B166 /* Resources */ = {
			isa = PBXResourcesBuildPhase;
			buildActionMask = 2147483647;
			files = (
			);
			runOnlyForDeploymentPostprocessing = 0;
		};
/* End PBXResourcesBuildPhase section */

/* Begin PBXSourcesBuildPhase section */
		047DC50C1BDC7B290094B166 /* Sources */ = {
			isa = PBXSourcesBuildPhase;
			buildActionMask = 2147483647;
			files = (
				04DEE4701BDE8D1900A103AF /* AFURLRequestSerialization.m in Sources */,
				04EFFF471BDCEEE70092A029 /* AppDelegate.m in Sources */,
				04EA2AE01BDF5B3300413A31 /* MJRefreshBackStateFooter.m in Sources */,
				04EA29EF1BDF50F500413A31 /* UIImage+WebP.m in Sources */,
				04EFFF5C1BDCF76C0092A029 /* WBTitleButton.m in Sources */,
				04EA2ADB1BDF5B3300413A31 /* MJRefreshAutoGifFooter.m in Sources */,
				0413EC171BDD0D9B009D9F9A /* WBMessageViewController.m in Sources */,
				04581CF91BE27128005A3325 /* NSDate+MJ.m in Sources */,
				04EA2A8F1BDF5A5B00413A31 /* NSString+MJExtension.m in Sources */,
				04EAC84D1BDDCE5500CE959B /* WBNewFeatureCell.m in Sources */,
				04DEE46F1BDE8D1900A103AF /* AFURLConnectionOperation.m in Sources */,
				04EFFF4C1BDCF0B00092A029 /* WBDiscoverTableViewController.m in Sources */,
				04EFFF621BDCFAA30092A029 /* WBCover.m in Sources */,
				04EA2ADE1BDF5B3300413A31 /* MJRefreshBackGifFooter.m in Sources */,
				04EFFF461BDCEEE70092A029 /* WBTabBar.m in Sources */,
				04DEE4551BDE825800A103AF /* MBProgressHUD.m in Sources */,
				04EA2AD71BDF5B3300413A31 /* MJRefreshBackFooter.m in Sources */,
				04EA29E41BDF50F500413A31 /* NSData+ImageContentType.m in Sources */,
				04EFFF651BDCFD090092A029 /* UIBarButtonItem+Item.m in Sources */,
				04EA2A8E1BDF5A5B00413A31 /* NSObject+MJProperty.m in Sources */,
				04EFFF531BDCF4330092A029 /* UIView+Frame.m in Sources */,
				04EA29EC1BDF50F500413A31 /* UIButton+WebCache.m in Sources */,
				04DEE46D1BDE8D1900A103AF /* AFNetworkReachabilityManager.m in Sources */,
				04F78D5D1BE230ED00E0DBAF /* WBOriginalView.m in Sources */,
				04EA2AE31BDF5B3300413A31 /* MJRefreshStateHeader.m in Sources */,
				04EFFF591BDCF7480092A029 /* WBHomeViewController.m in Sources */,
				04EA2A851BDF5A5B00413A31 /* MJDictionaryCache.m in Sources */,
				04F91E691BDF3D4A00B096C2 /* NSArray+Log.m in Sources */,
				04EA29EB1BDF50F500413A31 /* SDWebImagePrefetcher.m in Sources */,
				0434859F1BE0854800A3508F /* WBUserParam.m in Sources */,
				04EA2AE21BDF5B3300413A31 /* MJRefreshNormalHeader.m in Sources */,
				04EA29801BDF487300413A31 /* WBPhoto.m in Sources */,
				04EA2AD91BDF5B3300413A31 /* MJRefreshFooter.m in Sources */,
				04EA29E61BDF50F500413A31 /* SDWebImageCompat.m in Sources */,
				04F91E651BDF32F900B096C2 /* WBRootTool.m in Sources */,
				04F78D601BE2312100E0DBAF /* WBRetweetView.m in Sources */,
				04EA2AE71BDF5B3300413A31 /* UIScrollView+MJRefresh.m in Sources */,
				04F78D5A1BE22FFB00E0DBAF /* WBStatusCell.m in Sources */,
				0413EC111BDD0629009D9F9A /* WBTabBarButton.m in Sources */,
				04DEE4721BDE8D1900A103AF /* AFURLSessionManager.m in Sources */,
				04EAC84A1BDDC6A100CE959B /* WBNewFeatureController.m in Sources */,
				04EA29E71BDF50F500413A31 /* SDWebImageDecoder.m in Sources */,
				04EFFF481BDCEEE70092A029 /* UIImage+Original.m in Sources */,
				04EA2AE11BDF5B3300413A31 /* MJRefreshGifHeader.m in Sources */,
				04EA2A8D1BDF5A5B00413A31 /* NSObject+MJKeyValue.m in Sources */,
				04EA2AD81BDF5B3300413A31 /* MJRefreshComponent.m in Sources */,
				04EA2ADF1BDF5B3300413A31 /* MJRefreshBackNormalFooter.m in Sources */,
				0413EC1D1BDD129F009D9F9A /* WBProfileViewController.m in Sources */,
				04EA2AE61BDF5B3300413A31 /* UIScrollView+MJExtension.m in Sources */,
				04EA2AE51BDF5B3300413A31 /* MJRefreshConst.m in Sources */,
				04F91E611BDF243100B096C2 /* WBAccountTool.m in Sources */,
				043485A31BE085FB00A3508F /* WBBaseParam.m in Sources */,
				04581CF61BE23F6F005A3325 /* WBStatusFrame.m in Sources */,
				04EA297D1BDF472A00413A31 /* WBUser.m in Sources */,
				04EA2AF01BDFC07200413A31 /* WBStatusTool.m in Sources */,
				04EFFF4F1BDCF0E80092A029 /* WBSearchBar.m in Sources */,
				04EA29F01BDF50F500413A31 /* UIImageView+HighlightedWebCache.m in Sources */,
				04EA2AF41BDFDAFD00413A31 /* WBAccountParam.m in Sources */,
				04EA2A8A1BDF5A5B00413A31 /* MJPropertyType.m in Sources */,
				04F91E5C1BDF180400B096C2 /* WBAccount.m in Sources */,
				04EA2A871BDF5A5B00413A31 /* MJFoundation.m in Sources */,
				0413EC1A1BDD0FB5009D9F9A /* WBNavigationController.m in Sources */,
				04F78D631BE2318100E0DBAF /* WBStatusToolBar.m in Sources */,
				043485A91BE0898F00A3508F /* WBUserTool.m in Sources */,
				04EA29F21BDF50F500413A31 /* UIView+WebCacheOperation.m in Sources */,
				04EA2A891BDF5A5B00413A31 /* MJPropertyKey.m in Sources */,
				04EFFF451BDCEEE70092A029 /* WBTabBarController.m in Sources */,
				04EA29E51BDF50F500413A31 /* SDImageCache.m in Sources */,
				04EA29F11BDF50F500413A31 /* UIImageView+WebCache.m in Sources */,
				04EFFF491BDCEEE70092A029 /* main.m in Sources */,
				04DEE4531BDE825800A103AF /* MBProgressHUD+MJ.m in Sources */,
				04EA2AEC1BDF6DCE00413A31 /* WBHttpTool.m in Sources */,
				04EA2ADC1BDF5B3300413A31 /* MJRefreshAutoNormalFooter.m in Sources */,
				04EA29ED1BDF50F500413A31 /* UIImage+GIF.m in Sources */,
				04EA2A881BDF5A5B00413A31 /* MJProperty.m in Sources */,
				04DEE46E1BDE8D1900A103AF /* AFSecurityPolicy.m in Sources */,
				04EA2AD61BDF5B3300413A31 /* MJRefreshAutoFooter.m in Sources */,
				04DEE46B1BDE8D1900A103AF /* AFHTTPRequestOperationManager.m in Sources */,
				04DEE46C1BDE8D1900A103AF /* AFHTTPSessionManager.m in Sources */,
				04EFFF441BDCEEE70092A029 /* WBOneViewController.m in Sources */,
				04DEE44B1BDE7DF400A103AF /* WBOAuthViewController.m in Sources */,
				04DEE46A1BDE8D1900A103AF /* AFHTTPRequestOperation.m in Sources */,
				04EA29EE1BDF50F500413A31 /* UIImage+MultiFormat.m in Sources */,
				04EA2ADD1BDF5B3300413A31 /* MJRefreshAutoStateFooter.m in Sources */,
				04F91E6C1BDF425900B096C2 /* WBStatus.m in Sources */,
				04EA2A8B1BDF5A5B00413A31 /* NSObject+MJClass.m in Sources */,
				04EA2A861BDF5A5B00413A31 /* MJExtensionConst.m in Sources */,
				04EFFF5F1BDCF8930092A029 /* WBPopMenu.m in Sources */,
				04EA29EA1BDF50F500413A31 /* SDWebImageManager.m in Sources */,
				04EA29E81BDF50F500413A31 /* SDWebImageDownloader.m in Sources */,
				04DEE4711BDE8D1900A103AF /* AFURLResponseSerialization.m in Sources */,
				04EA2ADA1BDF5B3300413A31 /* MJRefreshHeader.m in Sources */,
				04EA2A8C1BDF5A5B00413A31 /* NSObject+MJCoding.m in Sources */,
				04EA2AE81BDF5B3300413A31 /* UIView+MJExtension.m in Sources */,
				04EA29E91BDF50F500413A31 /* SDWebImageDownloaderOperation.m in Sources */,
				043485A61BE087FC00A3508F /* WBUserResult.m in Sources */,
				04EA29E31BDF50F500413A31 /* MKAnnotationView+WebCache.m in Sources */,
				0413EC141BDD06A3009D9F9A /* WBBadgeView.m in Sources */,
			);
			runOnlyForDeploymentPostprocessing = 0;
		};
		047DC5251BDC7B290094B166 /* Sources */ = {
			isa = PBXSourcesBuildPhase;
			buildActionMask = 2147483647;
			files = (
				047DC52E1BDC7B290094B166 /* PersonWeiBoUITests.m in Sources */,
			);
			runOnlyForDeploymentPostprocessing = 0;
		};
/* End PBXSourcesBuildPhase section */

/* Begin PBXTargetDependency section */
		047DC52B1BDC7B290094B166 /* PBXTargetDependency */ = {
			isa = PBXTargetDependency;
			target = 047DC50F1BDC7B290094B166 /* PersonWeiBo */;
			targetProxy = 047DC52A1BDC7B290094B166 /* PBXContainerItemProxy */;
		};
/* End PBXTargetDependency section */

/* Begin PBXVariantGroup section */
		047DC5211BDC7B290094B166 /* LaunchScreen.storyboard */ = {
			isa = PBXVariantGroup;
			children = (
				047DC5221BDC7B290094B166 /* Base */,
			);
			name = LaunchScreen.storyboard;
			sourceTree = "<group>";
		};
/* End PBXVariantGroup section */

/* Begin XCBuildConfiguration section */
		047DC5301BDC7B290094B166 /* Debug */ = {
			isa = XCBuildConfiguration;
			buildSettings = {
				ALWAYS_SEARCH_USER_PATHS = NO;
				CLANG_CXX_LANGUAGE_STANDARD = "gnu++0x";
				CLANG_CXX_LIBRARY = "libc++";
				CLANG_ENABLE_MODULES = YES;
				CLANG_ENABLE_OBJC_ARC = YES;
				CLANG_WARN_BOOL_CONVERSION = YES;
				CLANG_WARN_CONSTANT_CONVERSION = YES;
				CLANG_WARN_DIRECT_OBJC_ISA_USAGE = YES_ERROR;
				CLANG_WARN_EMPTY_BODY = YES;
				CLANG_WARN_ENUM_CONVERSION = YES;
				CLANG_WARN_INT_CONVERSION = YES;
				CLANG_WARN_OBJC_ROOT_CLASS = YES_ERROR;
				CLANG_WARN_UNREACHABLE_CODE = YES;
				CLANG_WARN__DUPLICATE_METHOD_MATCH = YES;
				"CODE_SIGN_IDENTITY[sdk=iphoneos*]" = "iPhone Developer";
				COPY_PHASE_STRIP = NO;
				DEBUG_INFORMATION_FORMAT = dwarf;
				ENABLE_STRICT_OBJC_MSGSEND = YES;
				ENABLE_TESTABILITY = YES;
				GCC_C_LANGUAGE_STANDARD = gnu99;
				GCC_DYNAMIC_NO_PIC = NO;
				GCC_NO_COMMON_BLOCKS = YES;
				GCC_OPTIMIZATION_LEVEL = 0;
				GCC_PREPROCESSOR_DEFINITIONS = (
					"DEBUG=1",
					"$(inherited)",
				);
				GCC_WARN_64_TO_32_BIT_CONVERSION = YES;
				GCC_WARN_ABOUT_RETURN_TYPE = YES_ERROR;
				GCC_WARN_UNDECLARED_SELECTOR = YES;
				GCC_WARN_UNINITIALIZED_AUTOS = YES_AGGRESSIVE;
				GCC_WARN_UNUSED_FUNCTION = YES;
				GCC_WARN_UNUSED_VARIABLE = YES;
				IPHONEOS_DEPLOYMENT_TARGET = 9.1;
				MTL_ENABLE_DEBUG_INFO = YES;
				ONLY_ACTIVE_ARCH = YES;
				SDKROOT = iphoneos;
				TARGETED_DEVICE_FAMILY = "1,2";
			};
			name = Debug;
		};
		047DC5311BDC7B290094B166 /* Release */ = {
			isa = XCBuildConfiguration;
			buildSettings = {
				ALWAYS_SEARCH_USER_PATHS = NO;
				CLANG_CXX_LANGUAGE_STANDARD = "gnu++0x";
				CLANG_CXX_LIBRARY = "libc++";
				CLANG_ENABLE_MODULES = YES;
				CLANG_ENABLE_OBJC_ARC = YES;
				CLANG_WARN_BOOL_CONVERSION = YES;
				CLANG_WARN_CONSTANT_CONVERSION = YES;
				CLANG_WARN_DIRECT_OBJC_ISA_USAGE = YES_ERROR;
				CLANG_WARN_EMPTY_BODY = YES;
				CLANG_WARN_ENUM_CONVERSION = YES;
				CLANG_WARN_INT_CONVERSION = YES;
				CLANG_WARN_OBJC_ROOT_CLASS = YES_ERROR;
				CLANG_WARN_UNREACHABLE_CODE = YES;
				CLANG_WARN__DUPLICATE_METHOD_MATCH = YES;
				"CODE_SIGN_IDENTITY[sdk=iphoneos*]" = "iPhone Developer";
				COPY_PHASE_STRIP = NO;
				DEBUG_INFORMATION_FORMAT = "dwarf-with-dsym";
				ENABLE_NS_ASSERTIONS = NO;
				ENABLE_STRICT_OBJC_MSGSEND = YES;
				GCC_C_LANGUAGE_STANDARD = gnu99;
				GCC_NO_COMMON_BLOCKS = YES;
				GCC_WARN_64_TO_32_BIT_CONVERSION = YES;
				GCC_WARN_ABOUT_RETURN_TYPE = YES_ERROR;
				GCC_WARN_UNDECLARED_SELECTOR = YES;
				GCC_WARN_UNINITIALIZED_AUTOS = YES_AGGRESSIVE;
				GCC_WARN_UNUSED_FUNCTION = YES;
				GCC_WARN_UNUSED_VARIABLE = YES;
				IPHONEOS_DEPLOYMENT_TARGET = 9.1;
				MTL_ENABLE_DEBUG_INFO = NO;
				SDKROOT = iphoneos;
				TARGETED_DEVICE_FAMILY = "1,2";
				VALIDATE_PRODUCT = YES;
			};
			name = Release;
		};
		047DC5331BDC7B290094B166 /* Debug */ = {
			isa = XCBuildConfiguration;
			buildSettings = {
				ASSETCATALOG_COMPILER_APPICON_NAME = AppIcon;
				ENABLE_STRICT_OBJC_MSGSEND = NO;
				GCC_PRECOMPILE_PREFIX_HEADER = YES;
				GCC_PREFIX_HEADER = PersonWeiBo/Classes/Other/PersonWeiBo.pch;
				INFOPLIST_FILE = PersonWeiBo/Info.plist;
				IPHONEOS_DEPLOYMENT_TARGET = 7.0;
				LD_RUNPATH_SEARCH_PATHS = "$(inherited) @executable_path/Frameworks";
				PRODUCT_BUNDLE_IDENTIFIER = com.dream.ios.PersonWeiBo;
				PRODUCT_NAME = "$(TARGET_NAME)";
			};
			name = Debug;
		};
		047DC5341BDC7B290094B166 /* Release */ = {
			isa = XCBuildConfiguration;
			buildSettings = {
				ASSETCATALOG_COMPILER_APPICON_NAME = AppIcon;
				ENABLE_STRICT_OBJC_MSGSEND = NO;
				GCC_PRECOMPILE_PREFIX_HEADER = YES;
				GCC_PREFIX_HEADER = PersonWeiBo/Classes/Other/PersonWeiBo.pch;
				INFOPLIST_FILE = PersonWeiBo/Info.plist;
				IPHONEOS_DEPLOYMENT_TARGET = 7.0;
				LD_RUNPATH_SEARCH_PATHS = "$(inherited) @executable_path/Frameworks";
				PRODUCT_BUNDLE_IDENTIFIER = com.dream.ios.PersonWeiBo;
				PRODUCT_NAME = "$(TARGET_NAME)";
			};
			name = Release;
		};
		047DC5361BDC7B290094B166 /* Debug */ = {
			isa = XCBuildConfiguration;
			buildSettings = {
				INFOPLIST_FILE = PersonWeiBoUITests/Info.plist;
				LD_RUNPATH_SEARCH_PATHS = "$(inherited) @executable_path/Frameworks @loader_path/Frameworks";
				PRODUCT_BUNDLE_IDENTIFIER = com.dream.ios.PersonWeiBoUITests;
				PRODUCT_NAME = "$(TARGET_NAME)";
				TEST_TARGET_NAME = PersonWeiBo;
				USES_XCTRUNNER = YES;
			};
			name = Debug;
		};
		047DC5371BDC7B290094B166 /* Release */ = {
			isa = XCBuildConfiguration;
			buildSettings = {
				INFOPLIST_FILE = PersonWeiBoUITests/Info.plist;
				LD_RUNPATH_SEARCH_PATHS = "$(inherited) @executable_path/Frameworks @loader_path/Frameworks";
				PRODUCT_BUNDLE_IDENTIFIER = com.dream.ios.PersonWeiBoUITests;
				PRODUCT_NAME = "$(TARGET_NAME)";
				TEST_TARGET_NAME = PersonWeiBo;
				USES_XCTRUNNER = YES;
			};
			name = Release;
		};
/* End XCBuildConfiguration section */

/* Begin XCConfigurationList section */
		047DC50B1BDC7B290094B166 /* Build configuration list for PBXProject "PersonWeiBo" */ = {
			isa = XCConfigurationList;
			buildConfigurations = (
				047DC5301BDC7B290094B166 /* Debug */,
				047DC5311BDC7B290094B166 /* Release */,
			);
			defaultConfigurationIsVisible = 0;
			defaultConfigurationName = Release;
		};
		047DC5321BDC7B290094B166 /* Build configuration list for PBXNativeTarget "PersonWeiBo" */ = {
			isa = XCConfigurationList;
			buildConfigurations = (
				047DC5331BDC7B290094B166 /* Debug */,
				047DC5341BDC7B290094B166 /* Release */,
			);
			defaultConfigurationIsVisible = 0;
			defaultConfigurationName = Release;
		};
		047DC5351BDC7B290094B166 /* Build configuration list for PBXNativeTarget "PersonWeiBoUITests" */ = {
			isa = XCConfigurationList;
			buildConfigurations = (
				047DC5361BDC7B290094B166 /* Debug */,
				047DC5371BDC7B290094B166 /* Release */,
			);
			defaultConfigurationIsVisible = 0;
			defaultConfigurationName = Release;
		};
/* End XCConfigurationList section */
	};
	rootObject = 047DC5081BDC7B290094B166 /* Project object */;
}
